Microsoft Visual Studio Solution File, Format Version 12.00
# Visual Studio Version 18
VisualStudioVersion = 18.2.11408.102
MinimumVisualStudioVersion = 10.0.40219.1
Project("{2150E333-8FDC-42A3-9474-1A3956D46DE8}") = "Components", "Components", "{D2F89990-8127-4341-A73F-9B035978187A}"
EndProject
Project("{9A19103F-16F7-4668-BE54-9A1E7A4F7556}") = "Nuitrack", "Components\Nuitrack\Nuitrack.csproj", "{430B0D63-A8CC-4EEF-994A-60FA86DCE9DB}"
EndProject
Project("{9A19103F-16F7-4668-BE54-9A1E7A4F7556}") = "WebRTC", "Components\WebRTC\WebRTC.csproj", "{2C61059D-89A4-4399-8C17-63CE05919D55}"
EndProject
Project("{2150E333-8FDC-42A3-9474-1A3956D46DE8}") = "Applications", "Applications", "{6E0AB730-7080-4E97-865C-A21250A4567F}"
EndProject
Project("{9A19103F-16F7-4668-BE54-9A1E7A4F7556}") = "Optitrack", "Components\Optitrack\Optitrack.csproj", "{269CB1E3-8731-4D2F-9608-4D43732F50E4}"
EndProject
Project("{9A19103F-16F7-4668-BE54-9A1E7A4F7556}") = "TestingConsole", "Applications\TestingConsole\TestingConsole.csproj", "{50043A13-FCB1-43E6-A15B-6457FD2FD855}"
EndProject
Project("{2150E333-8FDC-42A3-9474-1A3956D46DE8}") = "Interop", "Interop", "{B7EE8A14-5695-41E9-B67E-ACFFC30E971B}"
EndProject
Project("{8BC9CEB8-8B4A-11D0-8D11-00A0C91BC942}") = "BiopacInterop", "Interop\BiopacInterop\BiopacInterop.vcxproj", "{FC200E98-DC12-4276-A7CD-588CD9E638A7}"
EndProject
Project("{9A19103F-16F7-4668-BE54-9A1E7A4F7556}") = "LabJack", "Components\LabJack\LabJack.csproj", "{06E3CFB7-294B-45E6-B747-4BC3CE89A2BE}"
EndProject
Project("{9A19103F-16F7-4668-BE54-9A1E7A4F7556}") = "KinectAzureRemoteConnector", "Components\KinectAzureRemoteConnector\KinectAzureRemoteConnector.csproj", "{72AB3686-6CA5-4581-914B-2940A518397D}"
EndProject
Project("{9A19103F-16F7-4668-BE54-9A1E7A4F7556}") = "UnrealRemoteConnector", "Components\UnrealRemoteConnector\UnrealRemoteConnector.csproj", "{2D79B73E-DCFB-42FF-9B58-27CA4F17DBFC}"
EndProject
Project("{9A19103F-16F7-4668-BE54-9A1E7A4F7556}") = "Helpers", "Components\Helpers\Helpers.csproj", "{E02B63DD-1582-4E1E-A9A6-24C2E676E8F0}"
EndProject
Project("{9A19103F-16F7-4668-BE54-9A1E7A4F7556}") = "Biopac", "Components\Biopac\Biopac.csproj", "{41FC6389-20AC-4C10-9F59-1A8636605EC6}"
EndProject
Project("{9A19103F-16F7-4668-BE54-9A1E7A4F7556}") = "ffmpegToStore", "Applications\ffmpegToStore\ffmpegToStore.csproj", "{0E6C5157-25E4-49E2-ADDC-BCE881416651}"
EndProject
Project("{2150E333-8FDC-42A3-9474-1A3956D46DE8}") = "Unity", "Unity", "{DF8FE09D-E1FD-4BC9-B1F9-E20366CA06C1}"
	ProjectSection(SolutionItems) = preProject
		PsiInUnity.md = PsiInUnity.md
		Components\Unity\README.md = Components\Unity\README.md
	EndProjectSection
EndProject
Project("{9A19103F-16F7-4668-BE54-9A1E7A4F7556}") = "OpenFace", "Components\OpenFace\OpenFace.csproj", "{1A72A372-4493-40C5-91FF-CE49FC367FFA}"
EndProject
Project("{8BC9CEB8-8B4A-11D0-8D11-00A0C91BC942}") = "OpenFaceInterop", "Interop\OpenFaceInterop\OpenFaceInterop.vcxproj", "{78196985-EE54-411F-822B-5A23EDF80642}"
EndProject
Project("{9A19103F-16F7-4668-BE54-9A1E7A4F7556}") = "Bodies", "Components\Bodies\Bodies.csproj", "{A49FCC5E-541C-456E-B33F-4979B3C7157C}"
EndProject
Project("{9A19103F-16F7-4668-BE54-9A1E7A4F7556}") = "Ollama", "Components\Ollama\Ollama.csproj", "{C9071A95-D624-448D-AD6F-2F844AE5A769}"
EndProject
Project("{9A19103F-16F7-4668-BE54-9A1E7A4F7556}") = "Whisper", "Components\Whisper\Whisper.csproj", "{B147B765-BECF-4229-89FA-E82971784E85}"
EndProject
Project("{2150E333-8FDC-42A3-9474-1A3956D46DE8}") = "src", "src", "{B28D807F-13DB-4BEB-8CB9-62F71B0E5A36}"
EndProject
Project("{2150E333-8FDC-42A3-9474-1A3956D46DE8}") = "Importers", "Importers", "{64BC8755-826A-4608-8729-9FB9E2DC16BC}"
	ProjectSection(SolutionItems) = preProject
		Components\Unity\src\Importers\PsiImporterListOfSimplifiedBody.cs = Components\Unity\src\Importers\PsiImporterListOfSimplifiedBody.cs
		Components\Unity\src\Importers\PsiImporterPing.cs = Components\Unity\src\Importers\PsiImporterPing.cs
		Components\Unity\src\Importers\PsiImporterPosition.cs = Components\Unity\src\Importers\PsiImporterPosition.cs
	EndProjectSection
EndProject
Project("{2150E333-8FDC-42A3-9474-1A3956D46DE8}") = "Base", "Base", "{9100B002-C65B-4C2F-BE66-56913FB65E7A}"
	ProjectSection(SolutionItems) = preProject
		Components\Unity\src\Base\PsiExporter.cs = Components\Unity\src\Base\PsiExporter.cs
		Components\Unity\src\Base\PsiImporter.cs = Components\Unity\src\Base\PsiImporter.cs
		Components\Unity\src\Base\PsiPipelineManager.cs = Components\Unity\src\Base\PsiPipelineManager.cs
		Components\Unity\src\Base\PsiSerializerReflexion.cs = Components\Unity\src\Base\PsiSerializerReflexion.cs
		Components\PipelineServices\src\Helpers\TcpWriterMulti.cs = Components\PipelineServices\src\Helpers\TcpWriterMulti.cs
	EndProjectSection
EndProject
Project("{2150E333-8FDC-42A3-9474-1A3956D46DE8}") = "Exporters", "Exporters", "{FE0BD672-6853-4E38-B553-80C84C992E15}"
	ProjectSection(SolutionItems) = preProject
		Components\Unity\src\Exporters\PsiExporterDateTime.cs = Components\Unity\src\Exporters\PsiExporterDateTime.cs
		Components\Unity\src\Exporters\PsiExporterImage.cs = Components\Unity\src\Exporters\PsiExporterImage.cs
		Components\Unity\src\Exporters\PsiExporterImageAsSteam.cs = Components\Unity\src\Exporters\PsiExporterImageAsSteam.cs
		Components\Unity\src\Exporters\PsiExporterInteger.cs = Components\Unity\src\Exporters\PsiExporterInteger.cs
		Components\Unity\src\Exporters\PsiExporterMatrix4x4.cs = Components\Unity\src\Exporters\PsiExporterMatrix4x4.cs
		Components\Unity\src\Exporters\PsiExporterPosition.cs = Components\Unity\src\Exporters\PsiExporterPosition.cs
		Components\Unity\src\Exporters\PsiExporterPositionOrientation.cs = Components\Unity\src\Exporters\PsiExporterPositionOrientation.cs
		Components\Unity\src\Exporters\PsiExporterString.cs = Components\Unity\src\Exporters\PsiExporterString.cs
	EndProjectSection
EndProject
Project("{2150E333-8FDC-42A3-9474-1A3956D46DE8}") = "Formats", "Formats", "{EB4DADF8-6E6E-4FE0-B0DF-793E74A2FFD0}"
	ProjectSection(SolutionItems) = preProject
		Components\Unity\src\Formats\PsiFormatImage.cs = Components\Unity\src\Formats\PsiFormatImage.cs
	EndProjectSection
EndProject
Project("{9A19103F-16F7-4668-BE54-9A1E7A4F7556}") = "Groups", "Components\Groups\Groups.csproj", "{65613648-C5B7-4AD1-9FA2-6816C54239E9}"
EndProject
Project("{9A19103F-16F7-4668-BE54-9A1E7A4F7556}") = "Visualizations", "Components\Visualizations\Visualizations.csproj", "{1FC1038C-8DC8-46E7-A2D4-BCA4F74EF0B4}"
EndProject
Project("{2150E333-8FDC-42A3-9474-1A3956D46DE8}") = "docs", "docs", "{2F15214A-C326-43F2-B84A-6F19AD7E9D84}"
	ProjectSection(SolutionItems) = preProject
		Components\Unity\docs\bcl_configuration.jpg = Components\Unity\docs\bcl_configuration.jpg
		Components\Unity\docs\pipeline_manager.jpg = Components\Unity\docs\pipeline_manager.jpg
	EndProjectSection
EndProject
Project("{9A19103F-16F7-4668-BE54-9A1E7A4F7556}") = "SaaCPsiStudio", "Applications\SaaCPsiStudio\SaaCPsiStudio.csproj", "{501E57D8-CFB0-4F4B-AFA5-D81ED31C7C92}"
EndProject
Project("{9A19103F-16F7-4668-BE54-9A1E7A4F7556}") = "PipelineServices", "Components\PipelineServices\PipelineServices.csproj", "{934AF3B8-E8E9-4F06-92F4-E07213A606BF}"
EndProject
Project("{9A19103F-16F7-4668-BE54-9A1E7A4F7556}") = "KinectAzureRemoteServices", "Components\KinectAzureRemoteServices\KinectAzureRemoteServices.csproj", "{F4550663-C436-487A-9F3E-1F5EB7E74C6C}"
EndProject
Project("{9A19103F-16F7-4668-BE54-9A1E7A4F7556}") = "TeslaSuit", "Components\TeslaSuit\TeslaSuit.csproj", "{FF7314AB-B108-4109-943B-360992173850}"
EndProject
Project("{9A19103F-16F7-4668-BE54-9A1E7A4F7556}") = "AttentionMeasures", "Components\AttentionMeasures\AttentionMeasures.csproj", "{BF5A2E9C-6AF8-48A4-A7CC-7E20A09CF22F}"
EndProject
Project("{9A19103F-16F7-4668-BE54-9A1E7A4F7556}") = "BodiesRemoteServices", "Components\BodiesRemoteServices\BodiesRemoteServices.csproj", "{447B087C-B1E7-4558-9546-E036632440DE}"
EndProject
Project("{9A19103F-16F7-4668-BE54-9A1E7A4F7556}") = "WhisperRemoteApp", "Applications\WhisperRemoteApp\WhisperRemoteApp.csproj", "{D5F0CFEF-757F-4082-9A09-7EBF301A65D4}"
EndProject
Project("{9A19103F-16F7-4668-BE54-9A1E7A4F7556}") = "GlobalHelpers", "Components\GlobalHelpers\GlobalHelpers.csproj", "{C4EA4895-C3D1-471B-B1ED-FF019FCCBDA7}"
EndProject
Project("{9A19103F-16F7-4668-BE54-9A1E7A4F7556}") = "PsiFormats", "Components\PsiFormats\PsiFormats.csproj", "{922F9EC4-5D63-4C73-9DC3-D02DCEEB0AF8}"
EndProject
Project("{9A19103F-16F7-4668-BE54-9A1E7A4F7556}") = "LabStreamLayer", "Components\LabStreamLayer\LabStreamLayer.csproj", "{3F01903E-9FA4-4E70-5489-2D5F1491544B}"
EndProject
Project("{9A19103F-16F7-4668-BE54-9A1E7A4F7556}") = "AudioRecording", "Components\AudioRecording\AudioRecording.csproj", "{B7D862D7-DAD6-CB4A-F327-EE515097FC5E}"
EndProject
Project("{9A19103F-16F7-4668-BE54-9A1E7A4F7556}") = "VideoRemoteApp", "Applications\VideoRemoteApp\VideoRemoteApp.csproj", "{F4A6045D-CF77-115D-332A-6526E753BE72}"
EndProject
Project("{9A19103F-16F7-4668-BE54-9A1E7A4F7556}") = "PLUME", "Components\PLUME\PLUME.csproj", "{F62C1640-677A-7829-3704-D7659AC74D3E}"
EndProject
Project("{9A19103F-16F7-4668-BE54-9A1E7A4F7556}") = "PlumeInterop", "Interop\PlumeInterop\PlumeInterop.csproj", "{9F683FB9-7BA7-295A-CCC7-8EA49694AEF3}"
EndProject
Project("{9A19103F-16F7-4668-BE54-9A1E7A4F7556}") = "WhisperRemoteConnector", "Components\WhisperRemoteConnector\WhisperRemoteConnector.csproj", "{EE1989FE-64FF-C846-5935-AC8309FEB8A6}"
EndProject
Project("{9A19103F-16F7-4668-BE54-9A1E7A4F7556}") = "WhisperRemoteServices", "Components\WhisperRemoteServices\WhisperRemoteServices.csproj", "{E5ECA787-FCA9-7090-949D-C06AFB76CFFA}"
EndProject
Project("{9A19103F-16F7-4668-BE54-9A1E7A4F7556}") = "WhisperHelpers", "Components\WhisperHelpers\WhisperHelpers.csproj", "{8187324B-9B58-DA34-07EF-6E16C311105B}"
EndProject
Project("{9A19103F-16F7-4668-BE54-9A1E7A4F7556}") = "InteropExtension", "Components\InteropExtension\InteropExtension.csproj", "{A8FAF2AF-D928-42FA-8486-031F9717346A}"
EndProject
Project("{9A19103F-16F7-4668-BE54-9A1E7A4F7556}") = "Skinetic", "Components\Skinetic\Skinetic.csproj", "{C8281CEC-BDC0-7A41-0318-3E850F34EA15}"
EndProject
Project("{9A19103F-16F7-4668-BE54-9A1E7A4F7556}") = "Gestures", "Components\Gestures\Gestures.csproj", "{9ED60EC1-37E4-4DA5-B071-D24B92A93A0F}"
EndProject
Project("{9A19103F-16F7-4668-BE54-9A1E7A4F7556}") = "NuitrackRemoteConnector", "Components\NuitrackRemoteConnector\NuitrackRemoteConnector.csproj", "{5EA04E1C-6969-17B4-6486-F701FCB48871}"
EndProject
Project("{9A19103F-16F7-4668-BE54-9A1E7A4F7556}") = "NuitrackRemoteServices", "Components\NuitrackRemoteServices\NuitrackRemoteServices.csproj", "{BC9916AF-E89D-7754-EEE3-D6B3612FD941}"
EndProject
Project("{9A19103F-16F7-4668-BE54-9A1E7A4F7556}") = "KinectRemoteServices", "Components\KinectRemoteServices\KinectRemoteServices.csproj", "{6E209DF9-0B78-CF84-B801-5DC93AF4B1AA}"
EndProject
Project("{9A19103F-16F7-4668-BE54-9A1E7A4F7556}") = "CameraRemoteApp", "Applications\CameraRemoteApp\CameraRemoteApp.csproj", "{BCEAC9A5-554E-82C9-C37A-8019B3056D8E}"
EndProject
Project("{FAE04EC0-301F-11D3-BF4B-00C04F79EFBC}") = "PsiStudioReplayExtension", "Components\PsiStudioReplayExtension\PsiStudioReplayExtension.csproj", "{C757C87C-B73B-B411-E959-E93B8FB3B51D}"
EndProject
Project("{FAE04EC0-301F-11D3-BF4B-00C04F79EFBC}") = "AnnotationsComponents", "Components\AnnotationsComponents\AnnotationsComponents.csproj", "{A86CC06E-07F0-83D9-AA12-E41B5426117A}"
EndProject
Project("{FAE04EC0-301F-11D3-BF4B-00C04F79EFBC}") = "ServerApplication", "Applications\ServerApplication\ServerApplication.csproj", "{09E9A2E3-2A57-4409-9EA1-64C0DB5F9A46}"
EndProject
Project("{2150E333-8FDC-42A3-9474-1A3956D46DE8}") = "UnitTests", "UnitTests", "{2F646680-91A4-F107-74F4-9BF3126A0F16}"
EndProject
Project("{FAE04EC0-301F-11D3-BF4B-00C04F79EFBC}") = "Biopac.Tests", "UnitTests\Biopac.Tests\Biopac.Tests.csproj", "{0DB14EBE-ED26-4940-AEAB-2A0A6AC86982}"
EndProject
Project("{FAE04EC0-301F-11D3-BF4B-00C04F79EFBC}") = "Bodies.Tests", "UnitTests\Bodies.Tests\Bodies.Tests.csproj", "{DF0EBC8B-6E9C-43D0-9EA4-CE89BADE7DB7}"
EndProject
Project("{FAE04EC0-301F-11D3-BF4B-00C04F79EFBC}") = "Optitrack.Tests", "UnitTests\Optitrack.Tests\Optitrack.Tests.csproj", "{656C8328-A87D-459A-BEED-8BA36D267D7B}"
EndProject
Project("{FAE04EC0-301F-11D3-BF4B-00C04F79EFBC}") = "Nuitrack.Tests", "UnitTests\Nuitrack.Tests\Nuitrack.Tests.csproj", "{DC03EB96-1FE0-42A6-9278-569E768DFD2F}"
EndProject
Project("{FAE04EC0-301F-11D3-BF4B-00C04F79EFBC}") = "Groups.Tests", "UnitTests\Groups.Tests\Groups.Tests.csproj", "{11C2790B-7F93-436E-8569-09313D0F6E15}"
EndProject
Project("{FAE04EC0-301F-11D3-BF4B-00C04F79EFBC}") = "UnrealRemoteConnector.Tests", "UnitTests\UnrealRemoteConnector.Tests\UnrealRemoteConnector.Tests.csproj", "{3077CBDD-EDAA-4DE7-BA17-EB7FEE265F26}"
EndProject
Project("{FAE04EC0-301F-11D3-BF4B-00C04F79EFBC}") = "Helpers.Tests", "UnitTests\Helpers.Tests\Helpers.Tests.csproj", "{EC030358-7E6A-4490-89A5-5983EA5A085C}"
EndProject
Project("{FAE04EC0-301F-11D3-BF4B-00C04F79EFBC}") = "KinectAzureRemoteConnector.Tests", "UnitTests\KinectAzureRemoteConnector.Tests\KinectAzureRemoteConnector.Tests.csproj", "{177250B5-83D1-48CA-8D43-DB6F2B7131A0}"
EndProject
Project("{FAE04EC0-301F-11D3-BF4B-00C04F79EFBC}") = "OpenFace.Tests", "UnitTests\OpenFace.Tests\OpenFace.Tests.csproj", "{967C6514-C510-485F-81FE-2FF708D4575E}"
EndProject
Project("{FAE04EC0-301F-11D3-BF4B-00C04F79EFBC}") = "WebRTC.Tests", "UnitTests\WebRTC.Tests\WebRTC.Tests.csproj", "{BFD2B27E-B7CB-445F-9757-2CF077804C5C}"
EndProject
Project("{FAE04EC0-301F-11D3-BF4B-00C04F79EFBC}") = "Whisper.Tests", "UnitTests\Whisper.Tests\Whisper.Tests.csproj", "{7B6E8FA7-E76E-45F6-BE53-E1321CEE0339}"
EndProject
Project("{FAE04EC0-301F-11D3-BF4B-00C04F79EFBC}") = "AudioRecording.Tests", "UnitTests\AudioRecording.Tests\AudioRecording.Tests.csproj", "{60874779-29B5-4544-9B59-D11EA9DA51F6}"
EndProject
Project("{FAE04EC0-301F-11D3-BF4B-00C04F79EFBC}") = "LabJack.Tests", "UnitTests\LabJack.Tests\LabJack.Tests.csproj", "{BC4E48FA-6B09-4F3C-8EB6-E2C8D2A8ADE8}"
EndProject
Project("{FAE04EC0-301F-11D3-BF4B-00C04F79EFBC}") = "KinectAzureRemoteServices.Tests", "UnitTests\KinectAzureRemoteServices.Tests\KinectAzureRemoteServices.Tests.csproj", "{73BAD35C-C51F-44F6-B567-C9AE5F3784F2}"
EndProject
Project("{FAE04EC0-301F-11D3-BF4B-00C04F79EFBC}") = "LabStreamLayer.Tests", "UnitTests\LabStreamLayer.Tests\LabStreamLayer.Tests.csproj", "{701E1F57-7F7A-411C-BABC-E08D7679F6A4}"
EndProject
Project("{FAE04EC0-301F-11D3-BF4B-00C04F79EFBC}") = "Ollama.Tests", "UnitTests\Ollama.Tests\Ollama.Tests.csproj", "{85D70B4B-BE26-480E-A91C-A9B77B59FBE6}"
EndProject
Project("{FAE04EC0-301F-11D3-BF4B-00C04F79EFBC}") = "PLUME.Tests", "UnitTests\PLUME.Tests\PLUME.Tests.csproj", "{3D055E8C-FB12-4DF0-B995-149132081CF0}"
EndProject
Project("{FAE04EC0-301F-11D3-BF4B-00C04F79EFBC}") = "PsiFormats.Tests", "UnitTests\PsiFormats.Tests\PsiFormats.Tests.csproj", "{CF9EB4C0-F145-481C-A90D-F47EF21BDF10}"
EndProject
Project("{FAE04EC0-301F-11D3-BF4B-00C04F79EFBC}") = "BodiesRemoteServices.Tests", "UnitTests\BodiesRemoteServices.Tests\BodiesRemoteServices.Tests.csproj", "{F2D3A44D-229D-448A-8840-3D6E47BC662E}"
EndProject
Project("{FAE04EC0-301F-11D3-BF4B-00C04F79EFBC}") = "Visualizations.Tests", "UnitTests\Visualizations.Tests\Visualizations.Tests.csproj", "{6DD00A5F-3E9D-4525-A695-A2F1208F5C70}"
EndProject
Project("{FAE04EC0-301F-11D3-BF4B-00C04F79EFBC}") = "PipelineServices.Tests", "UnitTests\PipelineServices.Tests\PipelineServices.Tests.csproj", "{3C68A091-7232-4271-BCCF-C24FB51DAC6D}"
EndProject
Project("{FAE04EC0-301F-11D3-BF4B-00C04F79EFBC}") = "AttentionMeasures.Tests", "UnitTests\AttentionMeasures.Tests\AttentionMeasures.Tests.csproj", "{256141B6-50AE-4F66-9A35-4B97D473A9A0}"
EndProject
Project("{FAE04EC0-301F-11D3-BF4B-00C04F79EFBC}") = "Skinetic.Tests", "UnitTests\Skinetic.Tests\Skinetic.Tests.csproj", "{13CD95BE-0FEE-43B3-B0FD-A78D4D95A804}"
EndProject
Project("{FAE04EC0-301F-11D3-BF4B-00C04F79EFBC}") = "AnnotationsComponents.Tests", "UnitTests\AnnotationsComponents.Tests\AnnotationsComponents.Tests.csproj", "{E1B82B9E-700E-4438-B840-2D6F9832754F}"
EndProject
Project("{FAE04EC0-301F-11D3-BF4B-00C04F79EFBC}") = "WhisperRemoteConnector.Tests", "UnitTests\WhisperRemoteConnector.Tests\WhisperRemoteConnector.Tests.csproj", "{88C9BCC0-8736-4092-940A-DC46262DA649}"
EndProject
Project("{FAE04EC0-301F-11D3-BF4B-00C04F79EFBC}") = "InteropExtension.Tests", "UnitTests\InteropExtension.Tests\InteropExtension.Tests.csproj", "{8E4808F2-3464-4DC5-9280-7BB6B159F3C7}"
EndProject
Project("{FAE04EC0-301F-11D3-BF4B-00C04F79EFBC}") = "TeslaSuit.Tests", "UnitTests\TeslaSuit.Tests\TeslaSuit.Tests.csproj", "{1BE8BE40-AC0A-42BC-B45C-35F9545F5B66}"
EndProject
Project("{FAE04EC0-301F-11D3-BF4B-00C04F79EFBC}") = "WhisperHelpers.Tests", "UnitTests\WhisperHelpers.Tests\WhisperHelpers.Tests.csproj", "{E5FB5A47-B4F9-4967-8520-5F53D76947E3}"
EndProject
Project("{FAE04EC0-301F-11D3-BF4B-00C04F79EFBC}") = "PsiStudioReplayExtension.Tests", "UnitTests\PsiStudioReplayExtension.Tests\PsiStudioReplayExtension.Tests.csproj", "{4FC6CD9E-0680-4564-87BB-282297BEBC87}"
EndProject
Project("{FAE04EC0-301F-11D3-BF4B-00C04F79EFBC}") = "NuitrackRemoteServices.Tests", "UnitTests\NuitrackRemoteServices.Tests\NuitrackRemoteServices.Tests.csproj", "{659D467C-2842-4621-9831-C0F0BC643691}"
EndProject
Project("{FAE04EC0-301F-11D3-BF4B-00C04F79EFBC}") = "Gestures.Tests", "UnitTests\Gestures.Tests\Gestures.Tests.csproj", "{BE1B9A46-CF13-4D63-B052-AE593C9BBFFF}"
EndProject
Project("{FAE04EC0-301F-11D3-BF4B-00C04F79EFBC}") = "GlobalHelpers.Tests", "UnitTests\GlobalHelpers.Tests\GlobalHelpers.Tests.csproj", "{0E880C64-BA1C-42ED-B154-A10186E46258}"
EndProject
Project("{FAE04EC0-301F-11D3-BF4B-00C04F79EFBC}") = "NuitrackRemoteConnector.Tests", "UnitTests\NuitrackRemoteConnector.Tests\NuitrackRemoteConnector.Tests.csproj", "{5A393475-6AF4-4D42-986F-9AAA8D4FA57E}"
EndProject
Project("{FAE04EC0-301F-11D3-BF4B-00C04F79EFBC}") = "WhisperRemoteServices.Tests", "UnitTests\WhisperRemoteServices.Tests\WhisperRemoteServices.Tests.csproj", "{3331CCF3-E987-467A-94F1-394F2BE1E5C8}"
EndProject
Project("{FAE04EC0-301F-11D3-BF4B-00C04F79EFBC}") = "KinectRemoteServices.Tests", "UnitTests\KinectRemoteServices.Tests\KinectRemoteServices.Tests.csproj", "{A4BCABCB-7F3C-4EAE-A5BB-7C627AAC2503}"
EndProject
Project("{FAE04EC0-301F-11D3-BF4B-00C04F79EFBC}") = "KinectAzureRemoteConsole", "Applications\KinectAzureRemoteConsole\KinectAzureRemoteConsole.csproj", "{BAC2C7DD-8166-7A6D-0F6A-7AD3890BE204}"
EndProject
Global
	GlobalSection(SolutionConfigurationPlatforms) = preSolution
		Debug|Any CPU = Debug|Any CPU
		Debug|x64 = Debug|x64
		Release|Any CPU = Release|Any CPU
		Release|x64 = Release|x64
	EndGlobalSection
	GlobalSection(ProjectConfigurationPlatforms) = postSolution
		{430B0D63-A8CC-4EEF-994A-60FA86DCE9DB}.Debug|Any CPU.ActiveCfg = Debug|x64
		{430B0D63-A8CC-4EEF-994A-60FA86DCE9DB}.Debug|Any CPU.Build.0 = Debug|x64
		{430B0D63-A8CC-4EEF-994A-60FA86DCE9DB}.Debug|x64.ActiveCfg = Debug|x64
		{430B0D63-A8CC-4EEF-994A-60FA86DCE9DB}.Debug|x64.Build.0 = Debug|x64
		{430B0D63-A8CC-4EEF-994A-60FA86DCE9DB}.Release|Any CPU.ActiveCfg = Release|x64
		{430B0D63-A8CC-4EEF-994A-60FA86DCE9DB}.Release|Any CPU.Build.0 = Release|x64
		{430B0D63-A8CC-4EEF-994A-60FA86DCE9DB}.Release|x64.ActiveCfg = Release|x64
		{430B0D63-A8CC-4EEF-994A-60FA86DCE9DB}.Release|x64.Build.0 = Release|x64
		{2C61059D-89A4-4399-8C17-63CE05919D55}.Debug|Any CPU.ActiveCfg = Debug|x64
		{2C61059D-89A4-4399-8C17-63CE05919D55}.Debug|Any CPU.Build.0 = Debug|x64
		{2C61059D-89A4-4399-8C17-63CE05919D55}.Debug|x64.ActiveCfg = Debug|x64
		{2C61059D-89A4-4399-8C17-63CE05919D55}.Debug|x64.Build.0 = Debug|x64
		{2C61059D-89A4-4399-8C17-63CE05919D55}.Release|Any CPU.ActiveCfg = Release|x64
		{2C61059D-89A4-4399-8C17-63CE05919D55}.Release|Any CPU.Build.0 = Release|x64
		{2C61059D-89A4-4399-8C17-63CE05919D55}.Release|x64.ActiveCfg = Release|x64
		{2C61059D-89A4-4399-8C17-63CE05919D55}.Release|x64.Build.0 = Release|x64
		{269CB1E3-8731-4D2F-9608-4D43732F50E4}.Debug|Any CPU.ActiveCfg = Debug|x64
		{269CB1E3-8731-4D2F-9608-4D43732F50E4}.Debug|Any CPU.Build.0 = Debug|x64
		{269CB1E3-8731-4D2F-9608-4D43732F50E4}.Debug|x64.ActiveCfg = Debug|x64
		{269CB1E3-8731-4D2F-9608-4D43732F50E4}.Debug|x64.Build.0 = Debug|x64
		{269CB1E3-8731-4D2F-9608-4D43732F50E4}.Release|Any CPU.ActiveCfg = Release|x64
		{269CB1E3-8731-4D2F-9608-4D43732F50E4}.Release|Any CPU.Build.0 = Release|x64
		{269CB1E3-8731-4D2F-9608-4D43732F50E4}.Release|x64.ActiveCfg = Release|x64
		{269CB1E3-8731-4D2F-9608-4D43732F50E4}.Release|x64.Build.0 = Release|x64
		{50043A13-FCB1-43E6-A15B-6457FD2FD855}.Debug|Any CPU.ActiveCfg = Debug|x64
		{50043A13-FCB1-43E6-A15B-6457FD2FD855}.Debug|Any CPU.Build.0 = Debug|x64
		{50043A13-FCB1-43E6-A15B-6457FD2FD855}.Debug|x64.ActiveCfg = Debug|x64
		{50043A13-FCB1-43E6-A15B-6457FD2FD855}.Debug|x64.Build.0 = Debug|x64
		{50043A13-FCB1-43E6-A15B-6457FD2FD855}.Release|Any CPU.ActiveCfg = Release|x64
		{50043A13-FCB1-43E6-A15B-6457FD2FD855}.Release|Any CPU.Build.0 = Release|x64
		{50043A13-FCB1-43E6-A15B-6457FD2FD855}.Release|x64.ActiveCfg = Release|x64
		{50043A13-FCB1-43E6-A15B-6457FD2FD855}.Release|x64.Build.0 = Release|x64
		{FC200E98-DC12-4276-A7CD-588CD9E638A7}.Debug|Any CPU.ActiveCfg = Debug|x64
		{FC200E98-DC12-4276-A7CD-588CD9E638A7}.Debug|Any CPU.Build.0 = Debug|x64
		{FC200E98-DC12-4276-A7CD-588CD9E638A7}.Debug|x64.ActiveCfg = Debug|x64
		{FC200E98-DC12-4276-A7CD-588CD9E638A7}.Debug|x64.Build.0 = Debug|x64
		{FC200E98-DC12-4276-A7CD-588CD9E638A7}.Release|Any CPU.ActiveCfg = Release|x64
		{FC200E98-DC12-4276-A7CD-588CD9E638A7}.Release|Any CPU.Build.0 = Release|x64
		{FC200E98-DC12-4276-A7CD-588CD9E638A7}.Release|x64.ActiveCfg = Release|x64
		{FC200E98-DC12-4276-A7CD-588CD9E638A7}.Release|x64.Build.0 = Release|x64
		{06E3CFB7-294B-45E6-B747-4BC3CE89A2BE}.Debug|Any CPU.ActiveCfg = Debug|x64
		{06E3CFB7-294B-45E6-B747-4BC3CE89A2BE}.Debug|Any CPU.Build.0 = Debug|x64
		{06E3CFB7-294B-45E6-B747-4BC3CE89A2BE}.Debug|x64.ActiveCfg = Debug|x64
		{06E3CFB7-294B-45E6-B747-4BC3CE89A2BE}.Debug|x64.Build.0 = Debug|x64
		{06E3CFB7-294B-45E6-B747-4BC3CE89A2BE}.Release|Any CPU.ActiveCfg = Release|x64
		{06E3CFB7-294B-45E6-B747-4BC3CE89A2BE}.Release|Any CPU.Build.0 = Release|x64
		{06E3CFB7-294B-45E6-B747-4BC3CE89A2BE}.Release|x64.ActiveCfg = Release|x64
		{06E3CFB7-294B-45E6-B747-4BC3CE89A2BE}.Release|x64.Build.0 = Release|x64
		{72AB3686-6CA5-4581-914B-2940A518397D}.Debug|Any CPU.ActiveCfg = Debug|x64
		{72AB3686-6CA5-4581-914B-2940A518397D}.Debug|Any CPU.Build.0 = Debug|x64
		{72AB3686-6CA5-4581-914B-2940A518397D}.Debug|x64.ActiveCfg = Debug|x64
		{72AB3686-6CA5-4581-914B-2940A518397D}.Debug|x64.Build.0 = Debug|x64
		{72AB3686-6CA5-4581-914B-2940A518397D}.Release|Any CPU.ActiveCfg = Release|x64
		{72AB3686-6CA5-4581-914B-2940A518397D}.Release|Any CPU.Build.0 = Release|x64
		{72AB3686-6CA5-4581-914B-2940A518397D}.Release|x64.ActiveCfg = Release|x64
		{72AB3686-6CA5-4581-914B-2940A518397D}.Release|x64.Build.0 = Release|x64
		{2D79B73E-DCFB-42FF-9B58-27CA4F17DBFC}.Debug|Any CPU.ActiveCfg = Debug|x64
		{2D79B73E-DCFB-42FF-9B58-27CA4F17DBFC}.Debug|Any CPU.Build.0 = Debug|x64
		{2D79B73E-DCFB-42FF-9B58-27CA4F17DBFC}.Debug|x64.ActiveCfg = Debug|x64
		{2D79B73E-DCFB-42FF-9B58-27CA4F17DBFC}.Debug|x64.Build.0 = Debug|x64
		{2D79B73E-DCFB-42FF-9B58-27CA4F17DBFC}.Release|Any CPU.ActiveCfg = Release|x64
		{2D79B73E-DCFB-42FF-9B58-27CA4F17DBFC}.Release|Any CPU.Build.0 = Release|x64
		{2D79B73E-DCFB-42FF-9B58-27CA4F17DBFC}.Release|x64.ActiveCfg = Release|x64
		{2D79B73E-DCFB-42FF-9B58-27CA4F17DBFC}.Release|x64.Build.0 = Release|x64
		{E02B63DD-1582-4E1E-A9A6-24C2E676E8F0}.Debug|Any CPU.ActiveCfg = Debug|x64
		{E02B63DD-1582-4E1E-A9A6-24C2E676E8F0}.Debug|Any CPU.Build.0 = Debug|x64
		{E02B63DD-1582-4E1E-A9A6-24C2E676E8F0}.Debug|x64.ActiveCfg = Debug|x64
		{E02B63DD-1582-4E1E-A9A6-24C2E676E8F0}.Debug|x64.Build.0 = Debug|x64
		{E02B63DD-1582-4E1E-A9A6-24C2E676E8F0}.Release|Any CPU.ActiveCfg = Release|x64
		{E02B63DD-1582-4E1E-A9A6-24C2E676E8F0}.Release|Any CPU.Build.0 = Release|x64
		{E02B63DD-1582-4E1E-A9A6-24C2E676E8F0}.Release|x64.ActiveCfg = Release|x64
		{E02B63DD-1582-4E1E-A9A6-24C2E676E8F0}.Release|x64.Build.0 = Release|x64
		{41FC6389-20AC-4C10-9F59-1A8636605EC6}.Debug|Any CPU.ActiveCfg = Debug|x64
		{41FC6389-20AC-4C10-9F59-1A8636605EC6}.Debug|Any CPU.Build.0 = Debug|x64
		{41FC6389-20AC-4C10-9F59-1A8636605EC6}.Debug|x64.ActiveCfg = Debug|x64
		{41FC6389-20AC-4C10-9F59-1A8636605EC6}.Debug|x64.Build.0 = Debug|x64
		{41FC6389-20AC-4C10-9F59-1A8636605EC6}.Release|Any CPU.ActiveCfg = Release|x64
		{41FC6389-20AC-4C10-9F59-1A8636605EC6}.Release|Any CPU.Build.0 = Release|x64
		{41FC6389-20AC-4C10-9F59-1A8636605EC6}.Release|x64.ActiveCfg = Release|x64
		{41FC6389-20AC-4C10-9F59-1A8636605EC6}.Release|x64.Build.0 = Release|x64
		{0E6C5157-25E4-49E2-ADDC-BCE881416651}.Debug|Any CPU.ActiveCfg = Debug|x64
		{0E6C5157-25E4-49E2-ADDC-BCE881416651}.Debug|Any CPU.Build.0 = Debug|x64
		{0E6C5157-25E4-49E2-ADDC-BCE881416651}.Debug|x64.ActiveCfg = Debug|x64
		{0E6C5157-25E4-49E2-ADDC-BCE881416651}.Debug|x64.Build.0 = Debug|x64
		{0E6C5157-25E4-49E2-ADDC-BCE881416651}.Release|Any CPU.ActiveCfg = Release|x64
		{0E6C5157-25E4-49E2-ADDC-BCE881416651}.Release|Any CPU.Build.0 = Release|x64
		{0E6C5157-25E4-49E2-ADDC-BCE881416651}.Release|x64.ActiveCfg = Release|x64
		{0E6C5157-25E4-49E2-ADDC-BCE881416651}.Release|x64.Build.0 = Release|x64
		{1A72A372-4493-40C5-91FF-CE49FC367FFA}.Debug|Any CPU.ActiveCfg = Debug|x64
		{1A72A372-4493-40C5-91FF-CE49FC367FFA}.Debug|Any CPU.Build.0 = Debug|x64
		{1A72A372-4493-40C5-91FF-CE49FC367FFA}.Debug|x64.ActiveCfg = Debug|x64
		{1A72A372-4493-40C5-91FF-CE49FC367FFA}.Debug|x64.Build.0 = Debug|x64
		{1A72A372-4493-40C5-91FF-CE49FC367FFA}.Release|Any CPU.ActiveCfg = Release|x64
		{1A72A372-4493-40C5-91FF-CE49FC367FFA}.Release|Any CPU.Build.0 = Release|x64
		{1A72A372-4493-40C5-91FF-CE49FC367FFA}.Release|x64.ActiveCfg = Release|x64
		{1A72A372-4493-40C5-91FF-CE49FC367FFA}.Release|x64.Build.0 = Release|x64
		{78196985-EE54-411F-822B-5A23EDF80642}.Debug|Any CPU.ActiveCfg = Debug|x64
		{78196985-EE54-411F-822B-5A23EDF80642}.Debug|Any CPU.Build.0 = Debug|x64
		{78196985-EE54-411F-822B-5A23EDF80642}.Debug|x64.ActiveCfg = Debug|x64
		{78196985-EE54-411F-822B-5A23EDF80642}.Debug|x64.Build.0 = Debug|x64
		{78196985-EE54-411F-822B-5A23EDF80642}.Release|Any CPU.ActiveCfg = Release|x64
		{78196985-EE54-411F-822B-5A23EDF80642}.Release|Any CPU.Build.0 = Release|x64
		{78196985-EE54-411F-822B-5A23EDF80642}.Release|x64.ActiveCfg = Release|x64
		{78196985-EE54-411F-822B-5A23EDF80642}.Release|x64.Build.0 = Release|x64
		{A49FCC5E-541C-456E-B33F-4979B3C7157C}.Debug|Any CPU.ActiveCfg = Debug|x64
		{A49FCC5E-541C-456E-B33F-4979B3C7157C}.Debug|Any CPU.Build.0 = Debug|x64
		{A49FCC5E-541C-456E-B33F-4979B3C7157C}.Debug|x64.ActiveCfg = Debug|x64
		{A49FCC5E-541C-456E-B33F-4979B3C7157C}.Debug|x64.Build.0 = Debug|x64
		{A49FCC5E-541C-456E-B33F-4979B3C7157C}.Release|Any CPU.ActiveCfg = Release|x64
		{A49FCC5E-541C-456E-B33F-4979B3C7157C}.Release|Any CPU.Build.0 = Release|x64
		{A49FCC5E-541C-456E-B33F-4979B3C7157C}.Release|x64.ActiveCfg = Release|x64
		{A49FCC5E-541C-456E-B33F-4979B3C7157C}.Release|x64.Build.0 = Release|x64
		{C9071A95-D624-448D-AD6F-2F844AE5A769}.Debug|Any CPU.ActiveCfg = Debug|x64
		{C9071A95-D624-448D-AD6F-2F844AE5A769}.Debug|Any CPU.Build.0 = Debug|x64
		{C9071A95-D624-448D-AD6F-2F844AE5A769}.Debug|x64.ActiveCfg = Debug|x64
		{C9071A95-D624-448D-AD6F-2F844AE5A769}.Debug|x64.Build.0 = Debug|x64
		{C9071A95-D624-448D-AD6F-2F844AE5A769}.Release|Any CPU.ActiveCfg = Release|x64
		{C9071A95-D624-448D-AD6F-2F844AE5A769}.Release|Any CPU.Build.0 = Release|x64
		{C9071A95-D624-448D-AD6F-2F844AE5A769}.Release|x64.ActiveCfg = Release|x64
		{C9071A95-D624-448D-AD6F-2F844AE5A769}.Release|x64.Build.0 = Release|x64
		{B147B765-BECF-4229-89FA-E82971784E85}.Debug|Any CPU.ActiveCfg = Debug|x64
		{B147B765-BECF-4229-89FA-E82971784E85}.Debug|Any CPU.Build.0 = Debug|x64
		{B147B765-BECF-4229-89FA-E82971784E85}.Debug|x64.ActiveCfg = Debug|x64
		{B147B765-BECF-4229-89FA-E82971784E85}.Debug|x64.Build.0 = Debug|x64
		{B147B765-BECF-4229-89FA-E82971784E85}.Release|Any CPU.ActiveCfg = Release|x64
		{B147B765-BECF-4229-89FA-E82971784E85}.Release|Any CPU.Build.0 = Release|x64
		{B147B765-BECF-4229-89FA-E82971784E85}.Release|x64.ActiveCfg = Release|x64
		{B147B765-BECF-4229-89FA-E82971784E85}.Release|x64.Build.0 = Release|x64
		{65613648-C5B7-4AD1-9FA2-6816C54239E9}.Debug|Any CPU.ActiveCfg = Debug|x64
		{65613648-C5B7-4AD1-9FA2-6816C54239E9}.Debug|Any CPU.Build.0 = Debug|x64
		{65613648-C5B7-4AD1-9FA2-6816C54239E9}.Debug|x64.ActiveCfg = Debug|x64
		{65613648-C5B7-4AD1-9FA2-6816C54239E9}.Debug|x64.Build.0 = Debug|x64
		{65613648-C5B7-4AD1-9FA2-6816C54239E9}.Release|Any CPU.ActiveCfg = Release|x64
		{65613648-C5B7-4AD1-9FA2-6816C54239E9}.Release|Any CPU.Build.0 = Release|x64
		{65613648-C5B7-4AD1-9FA2-6816C54239E9}.Release|x64.ActiveCfg = Release|x64
		{65613648-C5B7-4AD1-9FA2-6816C54239E9}.Release|x64.Build.0 = Release|x64
		{1FC1038C-8DC8-46E7-A2D4-BCA4F74EF0B4}.Debug|Any CPU.ActiveCfg = Debug|x64
		{1FC1038C-8DC8-46E7-A2D4-BCA4F74EF0B4}.Debug|Any CPU.Build.0 = Debug|x64
		{1FC1038C-8DC8-46E7-A2D4-BCA4F74EF0B4}.Debug|x64.ActiveCfg = Debug|x64
		{1FC1038C-8DC8-46E7-A2D4-BCA4F74EF0B4}.Debug|x64.Build.0 = Debug|x64
		{1FC1038C-8DC8-46E7-A2D4-BCA4F74EF0B4}.Release|Any CPU.ActiveCfg = Release|x64
		{1FC1038C-8DC8-46E7-A2D4-BCA4F74EF0B4}.Release|Any CPU.Build.0 = Release|x64
		{1FC1038C-8DC8-46E7-A2D4-BCA4F74EF0B4}.Release|x64.ActiveCfg = Release|x64
		{1FC1038C-8DC8-46E7-A2D4-BCA4F74EF0B4}.Release|x64.Build.0 = Release|x64
		{501E57D8-CFB0-4F4B-AFA5-D81ED31C7C92}.Debug|Any CPU.ActiveCfg = Debug|Any CPU
		{501E57D8-CFB0-4F4B-AFA5-D81ED31C7C92}.Debug|Any CPU.Build.0 = Debug|Any CPU
		{501E57D8-CFB0-4F4B-AFA5-D81ED31C7C92}.Debug|x64.ActiveCfg = Debug|Any CPU
		{501E57D8-CFB0-4F4B-AFA5-D81ED31C7C92}.Debug|x64.Build.0 = Debug|Any CPU
		{501E57D8-CFB0-4F4B-AFA5-D81ED31C7C92}.Release|Any CPU.ActiveCfg = Release|Any CPU
		{501E57D8-CFB0-4F4B-AFA5-D81ED31C7C92}.Release|Any CPU.Build.0 = Release|Any CPU
		{501E57D8-CFB0-4F4B-AFA5-D81ED31C7C92}.Release|x64.ActiveCfg = Release|Any CPU
		{501E57D8-CFB0-4F4B-AFA5-D81ED31C7C92}.Release|x64.Build.0 = Release|Any CPU
		{934AF3B8-E8E9-4F06-92F4-E07213A606BF}.Debug|Any CPU.ActiveCfg = Debug|x64
		{934AF3B8-E8E9-4F06-92F4-E07213A606BF}.Debug|Any CPU.Build.0 = Debug|x64
		{934AF3B8-E8E9-4F06-92F4-E07213A606BF}.Debug|x64.ActiveCfg = Debug|x64
		{934AF3B8-E8E9-4F06-92F4-E07213A606BF}.Debug|x64.Build.0 = Debug|x64
		{934AF3B8-E8E9-4F06-92F4-E07213A606BF}.Release|Any CPU.ActiveCfg = Release|x64
		{934AF3B8-E8E9-4F06-92F4-E07213A606BF}.Release|Any CPU.Build.0 = Release|x64
		{934AF3B8-E8E9-4F06-92F4-E07213A606BF}.Release|x64.ActiveCfg = Release|x64
		{934AF3B8-E8E9-4F06-92F4-E07213A606BF}.Release|x64.Build.0 = Release|x64
		{F4550663-C436-487A-9F3E-1F5EB7E74C6C}.Debug|Any CPU.ActiveCfg = Debug|x64
		{F4550663-C436-487A-9F3E-1F5EB7E74C6C}.Debug|Any CPU.Build.0 = Debug|x64
		{F4550663-C436-487A-9F3E-1F5EB7E74C6C}.Debug|x64.ActiveCfg = Debug|x64
		{F4550663-C436-487A-9F3E-1F5EB7E74C6C}.Debug|x64.Build.0 = Debug|x64
		{F4550663-C436-487A-9F3E-1F5EB7E74C6C}.Release|Any CPU.ActiveCfg = Release|x64
		{F4550663-C436-487A-9F3E-1F5EB7E74C6C}.Release|Any CPU.Build.0 = Release|x64
		{F4550663-C436-487A-9F3E-1F5EB7E74C6C}.Release|x64.ActiveCfg = Release|x64
		{F4550663-C436-487A-9F3E-1F5EB7E74C6C}.Release|x64.Build.0 = Release|x64
		{FF7314AB-B108-4109-943B-360992173850}.Debug|Any CPU.ActiveCfg = Debug|x64
		{FF7314AB-B108-4109-943B-360992173850}.Debug|Any CPU.Build.0 = Debug|x64
		{FF7314AB-B108-4109-943B-360992173850}.Debug|x64.ActiveCfg = Debug|x64
		{FF7314AB-B108-4109-943B-360992173850}.Debug|x64.Build.0 = Debug|x64
		{FF7314AB-B108-4109-943B-360992173850}.Release|Any CPU.ActiveCfg = Release|x64
		{FF7314AB-B108-4109-943B-360992173850}.Release|Any CPU.Build.0 = Release|x64
		{FF7314AB-B108-4109-943B-360992173850}.Release|x64.ActiveCfg = Release|x64
		{FF7314AB-B108-4109-943B-360992173850}.Release|x64.Build.0 = Release|x64
		{BF5A2E9C-6AF8-48A4-A7CC-7E20A09CF22F}.Debug|Any CPU.ActiveCfg = Debug|x64
		{BF5A2E9C-6AF8-48A4-A7CC-7E20A09CF22F}.Debug|Any CPU.Build.0 = Debug|x64
		{BF5A2E9C-6AF8-48A4-A7CC-7E20A09CF22F}.Debug|x64.ActiveCfg = Debug|x64
		{BF5A2E9C-6AF8-48A4-A7CC-7E20A09CF22F}.Debug|x64.Build.0 = Debug|x64
		{BF5A2E9C-6AF8-48A4-A7CC-7E20A09CF22F}.Release|Any CPU.ActiveCfg = Release|x64
		{BF5A2E9C-6AF8-48A4-A7CC-7E20A09CF22F}.Release|Any CPU.Build.0 = Release|x64
		{BF5A2E9C-6AF8-48A4-A7CC-7E20A09CF22F}.Release|x64.ActiveCfg = Release|x64
		{BF5A2E9C-6AF8-48A4-A7CC-7E20A09CF22F}.Release|x64.Build.0 = Release|x64
		{447B087C-B1E7-4558-9546-E036632440DE}.Debug|Any CPU.ActiveCfg = Debug|x64
		{447B087C-B1E7-4558-9546-E036632440DE}.Debug|Any CPU.Build.0 = Debug|x64
		{447B087C-B1E7-4558-9546-E036632440DE}.Debug|x64.ActiveCfg = Debug|x64
		{447B087C-B1E7-4558-9546-E036632440DE}.Debug|x64.Build.0 = Debug|x64
		{447B087C-B1E7-4558-9546-E036632440DE}.Release|Any CPU.ActiveCfg = Release|x64
		{447B087C-B1E7-4558-9546-E036632440DE}.Release|Any CPU.Build.0 = Release|x64
		{447B087C-B1E7-4558-9546-E036632440DE}.Release|x64.ActiveCfg = Release|x64
		{447B087C-B1E7-4558-9546-E036632440DE}.Release|x64.Build.0 = Release|x64
		{D5F0CFEF-757F-4082-9A09-7EBF301A65D4}.Debug|Any CPU.ActiveCfg = Debug|x64
		{D5F0CFEF-757F-4082-9A09-7EBF301A65D4}.Debug|Any CPU.Build.0 = Debug|x64
		{D5F0CFEF-757F-4082-9A09-7EBF301A65D4}.Debug|x64.ActiveCfg = Debug|x64
		{D5F0CFEF-757F-4082-9A09-7EBF301A65D4}.Debug|x64.Build.0 = Debug|x64
		{D5F0CFEF-757F-4082-9A09-7EBF301A65D4}.Release|Any CPU.ActiveCfg = Release|x64
		{D5F0CFEF-757F-4082-9A09-7EBF301A65D4}.Release|Any CPU.Build.0 = Release|x64
		{D5F0CFEF-757F-4082-9A09-7EBF301A65D4}.Release|x64.ActiveCfg = Release|x64
		{D5F0CFEF-757F-4082-9A09-7EBF301A65D4}.Release|x64.Build.0 = Release|x64
		{C4EA4895-C3D1-471B-B1ED-FF019FCCBDA7}.Debug|Any CPU.ActiveCfg = Debug|x64
		{C4EA4895-C3D1-471B-B1ED-FF019FCCBDA7}.Debug|Any CPU.Build.0 = Debug|x64
		{C4EA4895-C3D1-471B-B1ED-FF019FCCBDA7}.Debug|x64.ActiveCfg = Debug|x64
		{C4EA4895-C3D1-471B-B1ED-FF019FCCBDA7}.Debug|x64.Build.0 = Debug|x64
		{C4EA4895-C3D1-471B-B1ED-FF019FCCBDA7}.Release|Any CPU.ActiveCfg = Release|x64
		{C4EA4895-C3D1-471B-B1ED-FF019FCCBDA7}.Release|Any CPU.Build.0 = Release|x64
		{C4EA4895-C3D1-471B-B1ED-FF019FCCBDA7}.Release|x64.ActiveCfg = Release|x64
		{C4EA4895-C3D1-471B-B1ED-FF019FCCBDA7}.Release|x64.Build.0 = Release|x64
		{922F9EC4-5D63-4C73-9DC3-D02DCEEB0AF8}.Debug|Any CPU.ActiveCfg = Debug|Any CPU
		{922F9EC4-5D63-4C73-9DC3-D02DCEEB0AF8}.Debug|Any CPU.Build.0 = Debug|Any CPU
		{922F9EC4-5D63-4C73-9DC3-D02DCEEB0AF8}.Debug|x64.ActiveCfg = Debug|Any CPU
		{922F9EC4-5D63-4C73-9DC3-D02DCEEB0AF8}.Debug|x64.Build.0 = Debug|Any CPU
		{922F9EC4-5D63-4C73-9DC3-D02DCEEB0AF8}.Release|Any CPU.ActiveCfg = Release|Any CPU
		{922F9EC4-5D63-4C73-9DC3-D02DCEEB0AF8}.Release|Any CPU.Build.0 = Release|Any CPU
		{922F9EC4-5D63-4C73-9DC3-D02DCEEB0AF8}.Release|x64.ActiveCfg = Release|Any CPU
		{922F9EC4-5D63-4C73-9DC3-D02DCEEB0AF8}.Release|x64.Build.0 = Release|Any CPU
		{3F01903E-9FA4-4E70-5489-2D5F1491544B}.Debug|Any CPU.ActiveCfg = Debug|x64
		{3F01903E-9FA4-4E70-5489-2D5F1491544B}.Debug|Any CPU.Build.0 = Debug|x64
		{3F01903E-9FA4-4E70-5489-2D5F1491544B}.Debug|x64.ActiveCfg = Debug|x64
		{3F01903E-9FA4-4E70-5489-2D5F1491544B}.Debug|x64.Build.0 = Debug|x64
		{3F01903E-9FA4-4E70-5489-2D5F1491544B}.Release|Any CPU.ActiveCfg = Release|x64
		{3F01903E-9FA4-4E70-5489-2D5F1491544B}.Release|Any CPU.Build.0 = Release|x64
		{3F01903E-9FA4-4E70-5489-2D5F1491544B}.Release|x64.ActiveCfg = Release|x64
		{3F01903E-9FA4-4E70-5489-2D5F1491544B}.Release|x64.Build.0 = Release|x64
		{B7D862D7-DAD6-CB4A-F327-EE515097FC5E}.Debug|Any CPU.ActiveCfg = Debug|x64
		{B7D862D7-DAD6-CB4A-F327-EE515097FC5E}.Debug|Any CPU.Build.0 = Debug|x64
		{B7D862D7-DAD6-CB4A-F327-EE515097FC5E}.Debug|x64.ActiveCfg = Debug|x64
		{B7D862D7-DAD6-CB4A-F327-EE515097FC5E}.Debug|x64.Build.0 = Debug|x64
		{B7D862D7-DAD6-CB4A-F327-EE515097FC5E}.Release|Any CPU.ActiveCfg = Release|x64
		{B7D862D7-DAD6-CB4A-F327-EE515097FC5E}.Release|Any CPU.Build.0 = Release|x64
		{B7D862D7-DAD6-CB4A-F327-EE515097FC5E}.Release|x64.ActiveCfg = Release|x64
		{B7D862D7-DAD6-CB4A-F327-EE515097FC5E}.Release|x64.Build.0 = Release|x64
		{F4A6045D-CF77-115D-332A-6526E753BE72}.Debug|Any CPU.ActiveCfg = Debug|x64
		{F4A6045D-CF77-115D-332A-6526E753BE72}.Debug|Any CPU.Build.0 = Debug|x64
		{F4A6045D-CF77-115D-332A-6526E753BE72}.Debug|x64.ActiveCfg = Debug|x64
		{F4A6045D-CF77-115D-332A-6526E753BE72}.Debug|x64.Build.0 = Debug|x64
		{F4A6045D-CF77-115D-332A-6526E753BE72}.Release|Any CPU.ActiveCfg = Release|x64
		{F4A6045D-CF77-115D-332A-6526E753BE72}.Release|Any CPU.Build.0 = Release|x64
		{F4A6045D-CF77-115D-332A-6526E753BE72}.Release|x64.ActiveCfg = Release|x64
		{F4A6045D-CF77-115D-332A-6526E753BE72}.Release|x64.Build.0 = Release|x64
		{F62C1640-677A-7829-3704-D7659AC74D3E}.Debug|Any CPU.ActiveCfg = Debug|x64
		{F62C1640-677A-7829-3704-D7659AC74D3E}.Debug|Any CPU.Build.0 = Debug|x64
		{F62C1640-677A-7829-3704-D7659AC74D3E}.Debug|x64.ActiveCfg = Debug|x64
		{F62C1640-677A-7829-3704-D7659AC74D3E}.Debug|x64.Build.0 = Debug|x64
		{F62C1640-677A-7829-3704-D7659AC74D3E}.Release|Any CPU.ActiveCfg = Release|x64
		{F62C1640-677A-7829-3704-D7659AC74D3E}.Release|Any CPU.Build.0 = Release|x64
		{F62C1640-677A-7829-3704-D7659AC74D3E}.Release|x64.ActiveCfg = Release|x64
		{F62C1640-677A-7829-3704-D7659AC74D3E}.Release|x64.Build.0 = Release|x64
		{9F683FB9-7BA7-295A-CCC7-8EA49694AEF3}.Debug|Any CPU.ActiveCfg = Debug|Any CPU
		{9F683FB9-7BA7-295A-CCC7-8EA49694AEF3}.Debug|Any CPU.Build.0 = Debug|Any CPU
		{9F683FB9-7BA7-295A-CCC7-8EA49694AEF3}.Debug|x64.ActiveCfg = Debug|Any CPU
		{9F683FB9-7BA7-295A-CCC7-8EA49694AEF3}.Debug|x64.Build.0 = Debug|Any CPU
		{9F683FB9-7BA7-295A-CCC7-8EA49694AEF3}.Release|Any CPU.ActiveCfg = Release|Any CPU
		{9F683FB9-7BA7-295A-CCC7-8EA49694AEF3}.Release|Any CPU.Build.0 = Release|Any CPU
		{9F683FB9-7BA7-295A-CCC7-8EA49694AEF3}.Release|x64.ActiveCfg = Release|Any CPU
		{9F683FB9-7BA7-295A-CCC7-8EA49694AEF3}.Release|x64.Build.0 = Release|Any CPU
		{EE1989FE-64FF-C846-5935-AC8309FEB8A6}.Debug|Any CPU.ActiveCfg = Debug|x64
		{EE1989FE-64FF-C846-5935-AC8309FEB8A6}.Debug|Any CPU.Build.0 = Debug|x64
		{EE1989FE-64FF-C846-5935-AC8309FEB8A6}.Debug|x64.ActiveCfg = Debug|x64
		{EE1989FE-64FF-C846-5935-AC8309FEB8A6}.Debug|x64.Build.0 = Debug|x64
		{EE1989FE-64FF-C846-5935-AC8309FEB8A6}.Release|Any CPU.ActiveCfg = Release|x64
		{EE1989FE-64FF-C846-5935-AC8309FEB8A6}.Release|Any CPU.Build.0 = Release|x64
		{EE1989FE-64FF-C846-5935-AC8309FEB8A6}.Release|x64.ActiveCfg = Release|x64
		{EE1989FE-64FF-C846-5935-AC8309FEB8A6}.Release|x64.Build.0 = Release|x64
		{E5ECA787-FCA9-7090-949D-C06AFB76CFFA}.Debug|Any CPU.ActiveCfg = Debug|x64
		{E5ECA787-FCA9-7090-949D-C06AFB76CFFA}.Debug|Any CPU.Build.0 = Debug|x64
		{E5ECA787-FCA9-7090-949D-C06AFB76CFFA}.Debug|x64.ActiveCfg = Debug|x64
		{E5ECA787-FCA9-7090-949D-C06AFB76CFFA}.Debug|x64.Build.0 = Debug|x64
		{E5ECA787-FCA9-7090-949D-C06AFB76CFFA}.Release|Any CPU.ActiveCfg = Release|x64
		{E5ECA787-FCA9-7090-949D-C06AFB76CFFA}.Release|Any CPU.Build.0 = Release|x64
		{E5ECA787-FCA9-7090-949D-C06AFB76CFFA}.Release|x64.ActiveCfg = Release|x64
		{E5ECA787-FCA9-7090-949D-C06AFB76CFFA}.Release|x64.Build.0 = Release|x64
		{8187324B-9B58-DA34-07EF-6E16C311105B}.Debug|Any CPU.ActiveCfg = Debug|x64
		{8187324B-9B58-DA34-07EF-6E16C311105B}.Debug|Any CPU.Build.0 = Debug|x64
		{8187324B-9B58-DA34-07EF-6E16C311105B}.Debug|x64.ActiveCfg = Debug|x64
		{8187324B-9B58-DA34-07EF-6E16C311105B}.Debug|x64.Build.0 = Debug|x64
		{8187324B-9B58-DA34-07EF-6E16C311105B}.Release|Any CPU.ActiveCfg = Release|x64
		{8187324B-9B58-DA34-07EF-6E16C311105B}.Release|Any CPU.Build.0 = Release|x64
		{8187324B-9B58-DA34-07EF-6E16C311105B}.Release|x64.ActiveCfg = Release|x64
		{8187324B-9B58-DA34-07EF-6E16C311105B}.Release|x64.Build.0 = Release|x64
		{A8FAF2AF-D928-42FA-8486-031F9717346A}.Debug|Any CPU.ActiveCfg = Debug|Any CPU
		{A8FAF2AF-D928-42FA-8486-031F9717346A}.Debug|Any CPU.Build.0 = Debug|Any CPU
		{A8FAF2AF-D928-42FA-8486-031F9717346A}.Debug|x64.ActiveCfg = Debug|Any CPU
		{A8FAF2AF-D928-42FA-8486-031F9717346A}.Debug|x64.Build.0 = Debug|Any CPU
		{A8FAF2AF-D928-42FA-8486-031F9717346A}.Release|Any CPU.ActiveCfg = Release|Any CPU
		{A8FAF2AF-D928-42FA-8486-031F9717346A}.Release|Any CPU.Build.0 = Release|Any CPU
		{A8FAF2AF-D928-42FA-8486-031F9717346A}.Release|x64.ActiveCfg = Release|Any CPU
		{A8FAF2AF-D928-42FA-8486-031F9717346A}.Release|x64.Build.0 = Release|Any CPU
		{C8281CEC-BDC0-7A41-0318-3E850F34EA15}.Debug|Any CPU.ActiveCfg = Debug|x64
		{C8281CEC-BDC0-7A41-0318-3E850F34EA15}.Debug|Any CPU.Build.0 = Debug|x64
		{C8281CEC-BDC0-7A41-0318-3E850F34EA15}.Debug|x64.ActiveCfg = Debug|x64
		{C8281CEC-BDC0-7A41-0318-3E850F34EA15}.Debug|x64.Build.0 = Debug|x64
		{C8281CEC-BDC0-7A41-0318-3E850F34EA15}.Release|Any CPU.ActiveCfg = Release|x64
		{C8281CEC-BDC0-7A41-0318-3E850F34EA15}.Release|Any CPU.Build.0 = Release|x64
		{C8281CEC-BDC0-7A41-0318-3E850F34EA15}.Release|x64.ActiveCfg = Release|x64
		{C8281CEC-BDC0-7A41-0318-3E850F34EA15}.Release|x64.Build.0 = Release|x64
		{9ED60EC1-37E4-4DA5-B071-D24B92A93A0F}.Debug|Any CPU.ActiveCfg = Debug|Any CPU
		{9ED60EC1-37E4-4DA5-B071-D24B92A93A0F}.Debug|Any CPU.Build.0 = Debug|Any CPU
		{9ED60EC1-37E4-4DA5-B071-D24B92A93A0F}.Debug|x64.ActiveCfg = Debug|Any CPU
		{9ED60EC1-37E4-4DA5-B071-D24B92A93A0F}.Debug|x64.Build.0 = Debug|Any CPU
		{9ED60EC1-37E4-4DA5-B071-D24B92A93A0F}.Release|Any CPU.ActiveCfg = Release|Any CPU
		{9ED60EC1-37E4-4DA5-B071-D24B92A93A0F}.Release|Any CPU.Build.0 = Release|Any CPU
		{9ED60EC1-37E4-4DA5-B071-D24B92A93A0F}.Release|x64.ActiveCfg = Release|Any CPU
		{9ED60EC1-37E4-4DA5-B071-D24B92A93A0F}.Release|x64.Build.0 = Release|Any CPU
		{5EA04E1C-6969-17B4-6486-F701FCB48871}.Debug|Any CPU.ActiveCfg = Debug|x64
		{5EA04E1C-6969-17B4-6486-F701FCB48871}.Debug|Any CPU.Build.0 = Debug|x64
		{5EA04E1C-6969-17B4-6486-F701FCB48871}.Debug|x64.ActiveCfg = Debug|x64
		{5EA04E1C-6969-17B4-6486-F701FCB48871}.Debug|x64.Build.0 = Debug|x64
		{5EA04E1C-6969-17B4-6486-F701FCB48871}.Release|Any CPU.ActiveCfg = Release|x64
		{5EA04E1C-6969-17B4-6486-F701FCB48871}.Release|Any CPU.Build.0 = Release|x64
		{5EA04E1C-6969-17B4-6486-F701FCB48871}.Release|x64.ActiveCfg = Release|x64
		{5EA04E1C-6969-17B4-6486-F701FCB48871}.Release|x64.Build.0 = Release|x64
		{BC9916AF-E89D-7754-EEE3-D6B3612FD941}.Debug|Any CPU.ActiveCfg = Debug|x64
		{BC9916AF-E89D-7754-EEE3-D6B3612FD941}.Debug|Any CPU.Build.0 = Debug|x64
		{BC9916AF-E89D-7754-EEE3-D6B3612FD941}.Debug|x64.ActiveCfg = Debug|x64
		{BC9916AF-E89D-7754-EEE3-D6B3612FD941}.Debug|x64.Build.0 = Debug|x64
		{BC9916AF-E89D-7754-EEE3-D6B3612FD941}.Release|Any CPU.ActiveCfg = Release|x64
		{BC9916AF-E89D-7754-EEE3-D6B3612FD941}.Release|Any CPU.Build.0 = Release|x64
		{BC9916AF-E89D-7754-EEE3-D6B3612FD941}.Release|x64.ActiveCfg = Release|x64
		{BC9916AF-E89D-7754-EEE3-D6B3612FD941}.Release|x64.Build.0 = Release|x64
		{6E209DF9-0B78-CF84-B801-5DC93AF4B1AA}.Debug|Any CPU.ActiveCfg = Debug|x64
		{6E209DF9-0B78-CF84-B801-5DC93AF4B1AA}.Debug|Any CPU.Build.0 = Debug|x64
		{6E209DF9-0B78-CF84-B801-5DC93AF4B1AA}.Debug|x64.ActiveCfg = Debug|x64
		{6E209DF9-0B78-CF84-B801-5DC93AF4B1AA}.Debug|x64.Build.0 = Debug|x64
		{6E209DF9-0B78-CF84-B801-5DC93AF4B1AA}.Release|Any CPU.ActiveCfg = Release|x64
		{6E209DF9-0B78-CF84-B801-5DC93AF4B1AA}.Release|Any CPU.Build.0 = Release|x64
		{6E209DF9-0B78-CF84-B801-5DC93AF4B1AA}.Release|x64.ActiveCfg = Release|x64
		{6E209DF9-0B78-CF84-B801-5DC93AF4B1AA}.Release|x64.Build.0 = Release|x64
		{BCEAC9A5-554E-82C9-C37A-8019B3056D8E}.Debug|Any CPU.ActiveCfg = Debug|x64
		{BCEAC9A5-554E-82C9-C37A-8019B3056D8E}.Debug|Any CPU.Build.0 = Debug|x64
		{BCEAC9A5-554E-82C9-C37A-8019B3056D8E}.Debug|x64.ActiveCfg = Debug|x64
		{BCEAC9A5-554E-82C9-C37A-8019B3056D8E}.Debug|x64.Build.0 = Debug|x64
		{BCEAC9A5-554E-82C9-C37A-8019B3056D8E}.Release|Any CPU.ActiveCfg = Release|x64
		{BCEAC9A5-554E-82C9-C37A-8019B3056D8E}.Release|Any CPU.Build.0 = Release|x64
		{BCEAC9A5-554E-82C9-C37A-8019B3056D8E}.Release|x64.ActiveCfg = Release|x64
		{BCEAC9A5-554E-82C9-C37A-8019B3056D8E}.Release|x64.Build.0 = Release|x64
		{C757C87C-B73B-B411-E959-E93B8FB3B51D}.Debug|Any CPU.ActiveCfg = Debug|x64
		{C757C87C-B73B-B411-E959-E93B8FB3B51D}.Debug|Any CPU.Build.0 = Debug|x64
		{C757C87C-B73B-B411-E959-E93B8FB3B51D}.Debug|x64.ActiveCfg = Debug|x64
		{C757C87C-B73B-B411-E959-E93B8FB3B51D}.Debug|x64.Build.0 = Debug|x64
		{C757C87C-B73B-B411-E959-E93B8FB3B51D}.Release|Any CPU.ActiveCfg = Release|x64
		{C757C87C-B73B-B411-E959-E93B8FB3B51D}.Release|Any CPU.Build.0 = Release|x64
		{C757C87C-B73B-B411-E959-E93B8FB3B51D}.Release|x64.ActiveCfg = Release|x64
		{C757C87C-B73B-B411-E959-E93B8FB3B51D}.Release|x64.Build.0 = Release|x64
		{A86CC06E-07F0-83D9-AA12-E41B5426117A}.Debug|Any CPU.ActiveCfg = Debug|x64
		{A86CC06E-07F0-83D9-AA12-E41B5426117A}.Debug|Any CPU.Build.0 = Debug|x64
		{A86CC06E-07F0-83D9-AA12-E41B5426117A}.Debug|x64.ActiveCfg = Debug|x64
		{A86CC06E-07F0-83D9-AA12-E41B5426117A}.Debug|x64.Build.0 = Debug|x64
		{A86CC06E-07F0-83D9-AA12-E41B5426117A}.Release|Any CPU.ActiveCfg = Release|x64
		{A86CC06E-07F0-83D9-AA12-E41B5426117A}.Release|Any CPU.Build.0 = Release|x64
		{A86CC06E-07F0-83D9-AA12-E41B5426117A}.Release|x64.ActiveCfg = Release|x64
		{A86CC06E-07F0-83D9-AA12-E41B5426117A}.Release|x64.Build.0 = Release|x64
		{09E9A2E3-2A57-4409-9EA1-64C0DB5F9A46}.Debug|Any CPU.ActiveCfg = Debug|x64
		{09E9A2E3-2A57-4409-9EA1-64C0DB5F9A46}.Debug|Any CPU.Build.0 = Debug|x64
		{09E9A2E3-2A57-4409-9EA1-64C0DB5F9A46}.Debug|x64.ActiveCfg = Debug|x64
		{09E9A2E3-2A57-4409-9EA1-64C0DB5F9A46}.Debug|x64.Build.0 = Debug|x64
		{09E9A2E3-2A57-4409-9EA1-64C0DB5F9A46}.Release|Any CPU.ActiveCfg = Release|x64
		{09E9A2E3-2A57-4409-9EA1-64C0DB5F9A46}.Release|Any CPU.Build.0 = Release|x64
		{09E9A2E3-2A57-4409-9EA1-64C0DB5F9A46}.Release|x64.ActiveCfg = Release|x64
		{09E9A2E3-2A57-4409-9EA1-64C0DB5F9A46}.Release|x64.Build.0 = Release|x64
		{0DB14EBE-ED26-4940-AEAB-2A0A6AC86982}.Debug|Any CPU.ActiveCfg = Debug|x64
		{0DB14EBE-ED26-4940-AEAB-2A0A6AC86982}.Debug|Any CPU.Build.0 = Debug|x64
		{0DB14EBE-ED26-4940-AEAB-2A0A6AC86982}.Debug|x64.ActiveCfg = Debug|x64
		{0DB14EBE-ED26-4940-AEAB-2A0A6AC86982}.Debug|x64.Build.0 = Debug|x64
		{0DB14EBE-ED26-4940-AEAB-2A0A6AC86982}.Release|Any CPU.ActiveCfg = Release|x64
		{0DB14EBE-ED26-4940-AEAB-2A0A6AC86982}.Release|Any CPU.Build.0 = Release|x64
		{0DB14EBE-ED26-4940-AEAB-2A0A6AC86982}.Release|x64.ActiveCfg = Release|x64
		{0DB14EBE-ED26-4940-AEAB-2A0A6AC86982}.Release|x64.Build.0 = Release|x64
		{DF0EBC8B-6E9C-43D0-9EA4-CE89BADE7DB7}.Debug|Any CPU.ActiveCfg = Debug|x64
		{DF0EBC8B-6E9C-43D0-9EA4-CE89BADE7DB7}.Debug|Any CPU.Build.0 = Debug|x64
		{DF0EBC8B-6E9C-43D0-9EA4-CE89BADE7DB7}.Debug|x64.ActiveCfg = Debug|x64
		{DF0EBC8B-6E9C-43D0-9EA4-CE89BADE7DB7}.Debug|x64.Build.0 = Debug|x64
		{DF0EBC8B-6E9C-43D0-9EA4-CE89BADE7DB7}.Release|Any CPU.ActiveCfg = Release|x64
		{DF0EBC8B-6E9C-43D0-9EA4-CE89BADE7DB7}.Release|Any CPU.Build.0 = Release|x64
		{DF0EBC8B-6E9C-43D0-9EA4-CE89BADE7DB7}.Release|x64.ActiveCfg = Release|x64
		{DF0EBC8B-6E9C-43D0-9EA4-CE89BADE7DB7}.Release|x64.Build.0 = Release|x64
		{656C8328-A87D-459A-BEED-8BA36D267D7B}.Debug|Any CPU.ActiveCfg = Debug|x64
		{656C8328-A87D-459A-BEED-8BA36D267D7B}.Debug|Any CPU.Build.0 = Debug|x64
		{656C8328-A87D-459A-BEED-8BA36D267D7B}.Debug|x64.ActiveCfg = Debug|x64
		{656C8328-A87D-459A-BEED-8BA36D267D7B}.Debug|x64.Build.0 = Debug|x64
		{656C8328-A87D-459A-BEED-8BA36D267D7B}.Release|Any CPU.ActiveCfg = Release|x64
		{656C8328-A87D-459A-BEED-8BA36D267D7B}.Release|Any CPU.Build.0 = Release|x64
		{656C8328-A87D-459A-BEED-8BA36D267D7B}.Release|x64.ActiveCfg = Release|x64
		{656C8328-A87D-459A-BEED-8BA36D267D7B}.Release|x64.Build.0 = Release|x64
		{DC03EB96-1FE0-42A6-9278-569E768DFD2F}.Debug|Any CPU.ActiveCfg = Debug|x64
		{DC03EB96-1FE0-42A6-9278-569E768DFD2F}.Debug|Any CPU.Build.0 = Debug|x64
		{DC03EB96-1FE0-42A6-9278-569E768DFD2F}.Debug|x64.ActiveCfg = Debug|x64
		{DC03EB96-1FE0-42A6-9278-569E768DFD2F}.Debug|x64.Build.0 = Debug|x64
		{DC03EB96-1FE0-42A6-9278-569E768DFD2F}.Release|Any CPU.ActiveCfg = Release|x64
		{DC03EB96-1FE0-42A6-9278-569E768DFD2F}.Release|Any CPU.Build.0 = Release|x64
		{DC03EB96-1FE0-42A6-9278-569E768DFD2F}.Release|x64.ActiveCfg = Release|x64
		{DC03EB96-1FE0-42A6-9278-569E768DFD2F}.Release|x64.Build.0 = Release|x64
		{11C2790B-7F93-436E-8569-09313D0F6E15}.Debug|Any CPU.ActiveCfg = Debug|x64
		{11C2790B-7F93-436E-8569-09313D0F6E15}.Debug|Any CPU.Build.0 = Debug|x64
		{11C2790B-7F93-436E-8569-09313D0F6E15}.Debug|x64.ActiveCfg = Debug|x64
		{11C2790B-7F93-436E-8569-09313D0F6E15}.Debug|x64.Build.0 = Debug|x64
		{11C2790B-7F93-436E-8569-09313D0F6E15}.Release|Any CPU.ActiveCfg = Release|x64
		{11C2790B-7F93-436E-8569-09313D0F6E15}.Release|Any CPU.Build.0 = Release|x64
		{11C2790B-7F93-436E-8569-09313D0F6E15}.Release|x64.ActiveCfg = Release|x64
		{11C2790B-7F93-436E-8569-09313D0F6E15}.Release|x64.Build.0 = Release|x64
		{3077CBDD-EDAA-4DE7-BA17-EB7FEE265F26}.Debug|Any CPU.ActiveCfg = Debug|x64
		{3077CBDD-EDAA-4DE7-BA17-EB7FEE265F26}.Debug|Any CPU.Build.0 = Debug|x64
		{3077CBDD-EDAA-4DE7-BA17-EB7FEE265F26}.Debug|x64.ActiveCfg = Debug|x64
		{3077CBDD-EDAA-4DE7-BA17-EB7FEE265F26}.Debug|x64.Build.0 = Debug|x64
		{3077CBDD-EDAA-4DE7-BA17-EB7FEE265F26}.Release|Any CPU.ActiveCfg = Release|x64
		{3077CBDD-EDAA-4DE7-BA17-EB7FEE265F26}.Release|Any CPU.Build.0 = Release|x64
		{3077CBDD-EDAA-4DE7-BA17-EB7FEE265F26}.Release|x64.ActiveCfg = Release|x64
		{3077CBDD-EDAA-4DE7-BA17-EB7FEE265F26}.Release|x64.Build.0 = Release|x64
		{EC030358-7E6A-4490-89A5-5983EA5A085C}.Debug|Any CPU.ActiveCfg = Debug|x64
		{EC030358-7E6A-4490-89A5-5983EA5A085C}.Debug|Any CPU.Build.0 = Debug|x64
		{EC030358-7E6A-4490-89A5-5983EA5A085C}.Debug|x64.ActiveCfg = Debug|x64
		{EC030358-7E6A-4490-89A5-5983EA5A085C}.Debug|x64.Build.0 = Debug|x64
		{EC030358-7E6A-4490-89A5-5983EA5A085C}.Release|Any CPU.ActiveCfg = Release|x64
		{EC030358-7E6A-4490-89A5-5983EA5A085C}.Release|Any CPU.Build.0 = Release|x64
		{EC030358-7E6A-4490-89A5-5983EA5A085C}.Release|x64.ActiveCfg = Release|x64
		{EC030358-7E6A-4490-89A5-5983EA5A085C}.Release|x64.Build.0 = Release|x64
		{177250B5-83D1-48CA-8D43-DB6F2B7131A0}.Debug|Any CPU.ActiveCfg = Debug|x64
		{177250B5-83D1-48CA-8D43-DB6F2B7131A0}.Debug|Any CPU.Build.0 = Debug|x64
		{177250B5-83D1-48CA-8D43-DB6F2B7131A0}.Debug|x64.ActiveCfg = Debug|x64
		{177250B5-83D1-48CA-8D43-DB6F2B7131A0}.Debug|x64.Build.0 = Debug|x64
		{177250B5-83D1-48CA-8D43-DB6F2B7131A0}.Release|Any CPU.ActiveCfg = Release|x64
		{177250B5-83D1-48CA-8D43-DB6F2B7131A0}.Release|Any CPU.Build.0 = Release|x64
		{177250B5-83D1-48CA-8D43-DB6F2B7131A0}.Release|x64.ActiveCfg = Release|x64
		{177250B5-83D1-48CA-8D43-DB6F2B7131A0}.Release|x64.Build.0 = Release|x64
		{967C6514-C510-485F-81FE-2FF708D4575E}.Debug|Any CPU.ActiveCfg = Debug|x64
		{967C6514-C510-485F-81FE-2FF708D4575E}.Debug|Any CPU.Build.0 = Debug|x64
		{967C6514-C510-485F-81FE-2FF708D4575E}.Debug|x64.ActiveCfg = Debug|x64
		{967C6514-C510-485F-81FE-2FF708D4575E}.Debug|x64.Build.0 = Debug|x64
		{967C6514-C510-485F-81FE-2FF708D4575E}.Release|Any CPU.ActiveCfg = Release|x64
		{967C6514-C510-485F-81FE-2FF708D4575E}.Release|Any CPU.Build.0 = Release|x64
		{967C6514-C510-485F-81FE-2FF708D4575E}.Release|x64.ActiveCfg = Release|x64
		{967C6514-C510-485F-81FE-2FF708D4575E}.Release|x64.Build.0 = Release|x64
		{BFD2B27E-B7CB-445F-9757-2CF077804C5C}.Debug|Any CPU.ActiveCfg = Debug|x64
		{BFD2B27E-B7CB-445F-9757-2CF077804C5C}.Debug|Any CPU.Build.0 = Debug|x64
		{BFD2B27E-B7CB-445F-9757-2CF077804C5C}.Debug|x64.ActiveCfg = Debug|x64
		{BFD2B27E-B7CB-445F-9757-2CF077804C5C}.Debug|x64.Build.0 = Debug|x64
		{BFD2B27E-B7CB-445F-9757-2CF077804C5C}.Release|Any CPU.ActiveCfg = Release|x64
		{BFD2B27E-B7CB-445F-9757-2CF077804C5C}.Release|Any CPU.Build.0 = Release|x64
		{BFD2B27E-B7CB-445F-9757-2CF077804C5C}.Release|x64.ActiveCfg = Release|x64
		{BFD2B27E-B7CB-445F-9757-2CF077804C5C}.Release|x64.Build.0 = Release|x64
		{7B6E8FA7-E76E-45F6-BE53-E1321CEE0339}.Debug|Any CPU.ActiveCfg = Debug|x64
		{7B6E8FA7-E76E-45F6-BE53-E1321CEE0339}.Debug|Any CPU.Build.0 = Debug|x64
		{7B6E8FA7-E76E-45F6-BE53-E1321CEE0339}.Debug|x64.ActiveCfg = Debug|x64
		{7B6E8FA7-E76E-45F6-BE53-E1321CEE0339}.Debug|x64.Build.0 = Debug|x64
		{7B6E8FA7-E76E-45F6-BE53-E1321CEE0339}.Release|Any CPU.ActiveCfg = Release|x64
		{7B6E8FA7-E76E-45F6-BE53-E1321CEE0339}.Release|Any CPU.Build.0 = Release|x64
		{7B6E8FA7-E76E-45F6-BE53-E1321CEE0339}.Release|x64.ActiveCfg = Release|x64
		{7B6E8FA7-E76E-45F6-BE53-E1321CEE0339}.Release|x64.Build.0 = Release|x64
		{60874779-29B5-4544-9B59-D11EA9DA51F6}.Debug|Any CPU.ActiveCfg = Debug|x64
		{60874779-29B5-4544-9B59-D11EA9DA51F6}.Debug|Any CPU.Build.0 = Debug|x64
		{60874779-29B5-4544-9B59-D11EA9DA51F6}.Debug|x64.ActiveCfg = Debug|x64
		{60874779-29B5-4544-9B59-D11EA9DA51F6}.Debug|x64.Build.0 = Debug|x64
		{60874779-29B5-4544-9B59-D11EA9DA51F6}.Release|Any CPU.ActiveCfg = Release|x64
		{60874779-29B5-4544-9B59-D11EA9DA51F6}.Release|Any CPU.Build.0 = Release|x64
		{60874779-29B5-4544-9B59-D11EA9DA51F6}.Release|x64.ActiveCfg = Release|x64
		{60874779-29B5-4544-9B59-D11EA9DA51F6}.Release|x64.Build.0 = Release|x64
		{BC4E48FA-6B09-4F3C-8EB6-E2C8D2A8ADE8}.Debug|Any CPU.ActiveCfg = Debug|x64
		{BC4E48FA-6B09-4F3C-8EB6-E2C8D2A8ADE8}.Debug|Any CPU.Build.0 = Debug|x64
		{BC4E48FA-6B09-4F3C-8EB6-E2C8D2A8ADE8}.Debug|x64.ActiveCfg = Debug|x64
		{BC4E48FA-6B09-4F3C-8EB6-E2C8D2A8ADE8}.Debug|x64.Build.0 = Debug|x64
		{BC4E48FA-6B09-4F3C-8EB6-E2C8D2A8ADE8}.Release|Any CPU.ActiveCfg = Release|x64
		{BC4E48FA-6B09-4F3C-8EB6-E2C8D2A8ADE8}.Release|Any CPU.Build.0 = Release|x64
		{BC4E48FA-6B09-4F3C-8EB6-E2C8D2A8ADE8}.Release|x64.ActiveCfg = Release|x64
		{BC4E48FA-6B09-4F3C-8EB6-E2C8D2A8ADE8}.Release|x64.Build.0 = Release|x64
		{73BAD35C-C51F-44F6-B567-C9AE5F3784F2}.Debug|Any CPU.ActiveCfg = Debug|x64
		{73BAD35C-C51F-44F6-B567-C9AE5F3784F2}.Debug|Any CPU.Build.0 = Debug|x64
		{73BAD35C-C51F-44F6-B567-C9AE5F3784F2}.Debug|x64.ActiveCfg = Debug|x64
		{73BAD35C-C51F-44F6-B567-C9AE5F3784F2}.Debug|x64.Build.0 = Debug|x64
		{73BAD35C-C51F-44F6-B567-C9AE5F3784F2}.Release|Any CPU.ActiveCfg = Release|x64
		{73BAD35C-C51F-44F6-B567-C9AE5F3784F2}.Release|Any CPU.Build.0 = Release|x64
		{73BAD35C-C51F-44F6-B567-C9AE5F3784F2}.Release|x64.ActiveCfg = Release|x64
		{73BAD35C-C51F-44F6-B567-C9AE5F3784F2}.Release|x64.Build.0 = Release|x64
		{701E1F57-7F7A-411C-BABC-E08D7679F6A4}.Debug|Any CPU.ActiveCfg = Debug|x64
		{701E1F57-7F7A-411C-BABC-E08D7679F6A4}.Debug|Any CPU.Build.0 = Debug|x64
		{701E1F57-7F7A-411C-BABC-E08D7679F6A4}.Debug|x64.ActiveCfg = Debug|x64
		{701E1F57-7F7A-411C-BABC-E08D7679F6A4}.Debug|x64.Build.0 = Debug|x64
		{701E1F57-7F7A-411C-BABC-E08D7679F6A4}.Release|Any CPU.ActiveCfg = Release|x64
		{701E1F57-7F7A-411C-BABC-E08D7679F6A4}.Release|Any CPU.Build.0 = Release|x64
		{701E1F57-7F7A-411C-BABC-E08D7679F6A4}.Release|x64.ActiveCfg = Release|x64
		{701E1F57-7F7A-411C-BABC-E08D7679F6A4}.Release|x64.Build.0 = Release|x64
		{85D70B4B-BE26-480E-A91C-A9B77B59FBE6}.Debug|Any CPU.ActiveCfg = Debug|x64
		{85D70B4B-BE26-480E-A91C-A9B77B59FBE6}.Debug|Any CPU.Build.0 = Debug|x64
		{85D70B4B-BE26-480E-A91C-A9B77B59FBE6}.Debug|x64.ActiveCfg = Debug|x64
		{85D70B4B-BE26-480E-A91C-A9B77B59FBE6}.Debug|x64.Build.0 = Debug|x64
		{85D70B4B-BE26-480E-A91C-A9B77B59FBE6}.Release|Any CPU.ActiveCfg = Release|x64
		{85D70B4B-BE26-480E-A91C-A9B77B59FBE6}.Release|Any CPU.Build.0 = Release|x64
		{85D70B4B-BE26-480E-A91C-A9B77B59FBE6}.Release|x64.ActiveCfg = Release|x64
		{85D70B4B-BE26-480E-A91C-A9B77B59FBE6}.Release|x64.Build.0 = Release|x64
		{3D055E8C-FB12-4DF0-B995-149132081CF0}.Debug|Any CPU.ActiveCfg = Debug|x64
		{3D055E8C-FB12-4DF0-B995-149132081CF0}.Debug|Any CPU.Build.0 = Debug|x64
		{3D055E8C-FB12-4DF0-B995-149132081CF0}.Debug|x64.ActiveCfg = Debug|x64
		{3D055E8C-FB12-4DF0-B995-149132081CF0}.Debug|x64.Build.0 = Debug|x64
		{3D055E8C-FB12-4DF0-B995-149132081CF0}.Release|Any CPU.ActiveCfg = Release|x64
		{3D055E8C-FB12-4DF0-B995-149132081CF0}.Release|Any CPU.Build.0 = Release|x64
		{3D055E8C-FB12-4DF0-B995-149132081CF0}.Release|x64.ActiveCfg = Release|x64
		{3D055E8C-FB12-4DF0-B995-149132081CF0}.Release|x64.Build.0 = Release|x64
		{CF9EB4C0-F145-481C-A90D-F47EF21BDF10}.Debug|Any CPU.ActiveCfg = Debug|x64
		{CF9EB4C0-F145-481C-A90D-F47EF21BDF10}.Debug|Any CPU.Build.0 = Debug|x64
		{CF9EB4C0-F145-481C-A90D-F47EF21BDF10}.Debug|x64.ActiveCfg = Debug|x64
		{CF9EB4C0-F145-481C-A90D-F47EF21BDF10}.Debug|x64.Build.0 = Debug|x64
		{CF9EB4C0-F145-481C-A90D-F47EF21BDF10}.Release|Any CPU.ActiveCfg = Release|x64
		{CF9EB4C0-F145-481C-A90D-F47EF21BDF10}.Release|Any CPU.Build.0 = Release|x64
		{CF9EB4C0-F145-481C-A90D-F47EF21BDF10}.Release|x64.ActiveCfg = Release|x64
		{CF9EB4C0-F145-481C-A90D-F47EF21BDF10}.Release|x64.Build.0 = Release|x64
		{F2D3A44D-229D-448A-8840-3D6E47BC662E}.Debug|Any CPU.ActiveCfg = Debug|x64
		{F2D3A44D-229D-448A-8840-3D6E47BC662E}.Debug|Any CPU.Build.0 = Debug|x64
		{F2D3A44D-229D-448A-8840-3D6E47BC662E}.Debug|x64.ActiveCfg = Debug|x64
		{F2D3A44D-229D-448A-8840-3D6E47BC662E}.Debug|x64.Build.0 = Debug|x64
		{F2D3A44D-229D-448A-8840-3D6E47BC662E}.Release|Any CPU.ActiveCfg = Release|x64
		{F2D3A44D-229D-448A-8840-3D6E47BC662E}.Release|Any CPU.Build.0 = Release|x64
		{F2D3A44D-229D-448A-8840-3D6E47BC662E}.Release|x64.ActiveCfg = Release|x64
		{F2D3A44D-229D-448A-8840-3D6E47BC662E}.Release|x64.Build.0 = Release|x64
		{6DD00A5F-3E9D-4525-A695-A2F1208F5C70}.Debug|Any CPU.ActiveCfg = Debug|x64
		{6DD00A5F-3E9D-4525-A695-A2F1208F5C70}.Debug|Any CPU.Build.0 = Debug|x64
		{6DD00A5F-3E9D-4525-A695-A2F1208F5C70}.Debug|x64.ActiveCfg = Debug|x64
		{6DD00A5F-3E9D-4525-A695-A2F1208F5C70}.Debug|x64.Build.0 = Debug|x64
		{6DD00A5F-3E9D-4525-A695-A2F1208F5C70}.Release|Any CPU.ActiveCfg = Release|x64
		{6DD00A5F-3E9D-4525-A695-A2F1208F5C70}.Release|Any CPU.Build.0 = Release|x64
		{6DD00A5F-3E9D-4525-A695-A2F1208F5C70}.Release|x64.ActiveCfg = Release|x64
		{6DD00A5F-3E9D-4525-A695-A2F1208F5C70}.Release|x64.Build.0 = Release|x64
		{3C68A091-7232-4271-BCCF-C24FB51DAC6D}.Debug|Any CPU.ActiveCfg = Debug|x64
		{3C68A091-7232-4271-BCCF-C24FB51DAC6D}.Debug|Any CPU.Build.0 = Debug|x64
		{3C68A091-7232-4271-BCCF-C24FB51DAC6D}.Debug|x64.ActiveCfg = Debug|x64
		{3C68A091-7232-4271-BCCF-C24FB51DAC6D}.Debug|x64.Build.0 = Debug|x64
		{3C68A091-7232-4271-BCCF-C24FB51DAC6D}.Release|Any CPU.ActiveCfg = Release|x64
		{3C68A091-7232-4271-BCCF-C24FB51DAC6D}.Release|Any CPU.Build.0 = Release|x64
		{3C68A091-7232-4271-BCCF-C24FB51DAC6D}.Release|x64.ActiveCfg = Release|x64
		{3C68A091-7232-4271-BCCF-C24FB51DAC6D}.Release|x64.Build.0 = Release|x64
		{256141B6-50AE-4F66-9A35-4B97D473A9A0}.Debug|Any CPU.ActiveCfg = Debug|x64
		{256141B6-50AE-4F66-9A35-4B97D473A9A0}.Debug|Any CPU.Build.0 = Debug|x64
		{256141B6-50AE-4F66-9A35-4B97D473A9A0}.Debug|x64.ActiveCfg = Debug|x64
		{256141B6-50AE-4F66-9A35-4B97D473A9A0}.Debug|x64.Build.0 = Debug|x64
		{256141B6-50AE-4F66-9A35-4B97D473A9A0}.Release|Any CPU.ActiveCfg = Release|x64
		{256141B6-50AE-4F66-9A35-4B97D473A9A0}.Release|Any CPU.Build.0 = Release|x64
		{256141B6-50AE-4F66-9A35-4B97D473A9A0}.Release|x64.ActiveCfg = Release|x64
		{256141B6-50AE-4F66-9A35-4B97D473A9A0}.Release|x64.Build.0 = Release|x64
		{13CD95BE-0FEE-43B3-B0FD-A78D4D95A804}.Debug|Any CPU.ActiveCfg = Debug|x64
		{13CD95BE-0FEE-43B3-B0FD-A78D4D95A804}.Debug|Any CPU.Build.0 = Debug|x64
		{13CD95BE-0FEE-43B3-B0FD-A78D4D95A804}.Debug|x64.ActiveCfg = Debug|x64
		{13CD95BE-0FEE-43B3-B0FD-A78D4D95A804}.Debug|x64.Build.0 = Debug|x64
		{13CD95BE-0FEE-43B3-B0FD-A78D4D95A804}.Release|Any CPU.ActiveCfg = Release|x64
		{13CD95BE-0FEE-43B3-B0FD-A78D4D95A804}.Release|Any CPU.Build.0 = Release|x64
		{13CD95BE-0FEE-43B3-B0FD-A78D4D95A804}.Release|x64.ActiveCfg = Release|x64
		{13CD95BE-0FEE-43B3-B0FD-A78D4D95A804}.Release|x64.Build.0 = Release|x64
		{E1B82B9E-700E-4438-B840-2D6F9832754F}.Debug|Any CPU.ActiveCfg = Debug|x64
		{E1B82B9E-700E-4438-B840-2D6F9832754F}.Debug|Any CPU.Build.0 = Debug|x64
		{E1B82B9E-700E-4438-B840-2D6F9832754F}.Debug|x64.ActiveCfg = Debug|x64
		{E1B82B9E-700E-4438-B840-2D6F9832754F}.Debug|x64.Build.0 = Debug|x64
		{E1B82B9E-700E-4438-B840-2D6F9832754F}.Release|Any CPU.ActiveCfg = Release|x64
		{E1B82B9E-700E-4438-B840-2D6F9832754F}.Release|Any CPU.Build.0 = Release|x64
		{E1B82B9E-700E-4438-B840-2D6F9832754F}.Release|x64.ActiveCfg = Release|x64
		{E1B82B9E-700E-4438-B840-2D6F9832754F}.Release|x64.Build.0 = Release|x64
		{88C9BCC0-8736-4092-940A-DC46262DA649}.Debug|Any CPU.ActiveCfg = Debug|x64
		{88C9BCC0-8736-4092-940A-DC46262DA649}.Debug|Any CPU.Build.0 = Debug|x64
		{88C9BCC0-8736-4092-940A-DC46262DA649}.Debug|x64.ActiveCfg = Debug|x64
		{88C9BCC0-8736-4092-940A-DC46262DA649}.Debug|x64.Build.0 = Debug|x64
		{88C9BCC0-8736-4092-940A-DC46262DA649}.Release|Any CPU.ActiveCfg = Release|x64
		{88C9BCC0-8736-4092-940A-DC46262DA649}.Release|Any CPU.Build.0 = Release|x64
		{88C9BCC0-8736-4092-940A-DC46262DA649}.Release|x64.ActiveCfg = Release|x64
		{88C9BCC0-8736-4092-940A-DC46262DA649}.Release|x64.Build.0 = Release|x64
		{8E4808F2-3464-4DC5-9280-7BB6B159F3C7}.Debug|Any CPU.ActiveCfg = Debug|x64
		{8E4808F2-3464-4DC5-9280-7BB6B159F3C7}.Debug|Any CPU.Build.0 = Debug|x64
		{8E4808F2-3464-4DC5-9280-7BB6B159F3C7}.Debug|x64.ActiveCfg = Debug|x64
		{8E4808F2-3464-4DC5-9280-7BB6B159F3C7}.Debug|x64.Build.0 = Debug|x64
		{8E4808F2-3464-4DC5-9280-7BB6B159F3C7}.Release|Any CPU.ActiveCfg = Release|x64
		{8E4808F2-3464-4DC5-9280-7BB6B159F3C7}.Release|Any CPU.Build.0 = Release|x64
		{8E4808F2-3464-4DC5-9280-7BB6B159F3C7}.Release|x64.ActiveCfg = Release|x64
		{8E4808F2-3464-4DC5-9280-7BB6B159F3C7}.Release|x64.Build.0 = Release|x64
		{1BE8BE40-AC0A-42BC-B45C-35F9545F5B66}.Debug|Any CPU.ActiveCfg = Debug|x64
		{1BE8BE40-AC0A-42BC-B45C-35F9545F5B66}.Debug|Any CPU.Build.0 = Debug|x64
		{1BE8BE40-AC0A-42BC-B45C-35F9545F5B66}.Debug|x64.ActiveCfg = Debug|x64
		{1BE8BE40-AC0A-42BC-B45C-35F9545F5B66}.Debug|x64.Build.0 = Debug|x64
		{1BE8BE40-AC0A-42BC-B45C-35F9545F5B66}.Release|Any CPU.ActiveCfg = Release|x64
		{1BE8BE40-AC0A-42BC-B45C-35F9545F5B66}.Release|Any CPU.Build.0 = Release|x64
		{1BE8BE40-AC0A-42BC-B45C-35F9545F5B66}.Release|x64.ActiveCfg = Release|x64
		{1BE8BE40-AC0A-42BC-B45C-35F9545F5B66}.Release|x64.Build.0 = Release|x64
		{E5FB5A47-B4F9-4967-8520-5F53D76947E3}.Debug|Any CPU.ActiveCfg = Debug|x64
		{E5FB5A47-B4F9-4967-8520-5F53D76947E3}.Debug|Any CPU.Build.0 = Debug|x64
		{E5FB5A47-B4F9-4967-8520-5F53D76947E3}.Debug|x64.ActiveCfg = Debug|x64
		{E5FB5A47-B4F9-4967-8520-5F53D76947E3}.Debug|x64.Build.0 = Debug|x64
		{E5FB5A47-B4F9-4967-8520-5F53D76947E3}.Release|Any CPU.ActiveCfg = Release|x64
		{E5FB5A47-B4F9-4967-8520-5F53D76947E3}.Release|Any CPU.Build.0 = Release|x64
		{E5FB5A47-B4F9-4967-8520-5F53D76947E3}.Release|x64.ActiveCfg = Release|x64
		{E5FB5A47-B4F9-4967-8520-5F53D76947E3}.Release|x64.Build.0 = Release|x64
		{4FC6CD9E-0680-4564-87BB-282297BEBC87}.Debug|Any CPU.ActiveCfg = Debug|x64
		{4FC6CD9E-0680-4564-87BB-282297BEBC87}.Debug|Any CPU.Build.0 = Debug|x64
		{4FC6CD9E-0680-4564-87BB-282297BEBC87}.Debug|x64.ActiveCfg = Debug|x64
		{4FC6CD9E-0680-4564-87BB-282297BEBC87}.Debug|x64.Build.0 = Debug|x64
		{4FC6CD9E-0680-4564-87BB-282297BEBC87}.Release|Any CPU.ActiveCfg = Release|x64
		{4FC6CD9E-0680-4564-87BB-282297BEBC87}.Release|Any CPU.Build.0 = Release|x64
		{4FC6CD9E-0680-4564-87BB-282297BEBC87}.Release|x64.ActiveCfg = Release|x64
		{4FC6CD9E-0680-4564-87BB-282297BEBC87}.Release|x64.Build.0 = Release|x64
		{659D467C-2842-4621-9831-C0F0BC643691}.Debug|Any CPU.ActiveCfg = Debug|x64
		{659D467C-2842-4621-9831-C0F0BC643691}.Debug|Any CPU.Build.0 = Debug|x64
		{659D467C-2842-4621-9831-C0F0BC643691}.Debug|x64.ActiveCfg = Debug|x64
		{659D467C-2842-4621-9831-C0F0BC643691}.Debug|x64.Build.0 = Debug|x64
		{659D467C-2842-4621-9831-C0F0BC643691}.Release|Any CPU.ActiveCfg = Release|x64
		{659D467C-2842-4621-9831-C0F0BC643691}.Release|Any CPU.Build.0 = Release|x64
		{659D467C-2842-4621-9831-C0F0BC643691}.Release|x64.ActiveCfg = Release|x64
		{659D467C-2842-4621-9831-C0F0BC643691}.Release|x64.Build.0 = Release|x64
		{BE1B9A46-CF13-4D63-B052-AE593C9BBFFF}.Debug|Any CPU.ActiveCfg = Debug|x64
		{BE1B9A46-CF13-4D63-B052-AE593C9BBFFF}.Debug|Any CPU.Build.0 = Debug|x64
		{BE1B9A46-CF13-4D63-B052-AE593C9BBFFF}.Debug|x64.ActiveCfg = Debug|x64
		{BE1B9A46-CF13-4D63-B052-AE593C9BBFFF}.Debug|x64.Build.0 = Debug|x64
		{BE1B9A46-CF13-4D63-B052-AE593C9BBFFF}.Release|Any CPU.ActiveCfg = Release|x64
		{BE1B9A46-CF13-4D63-B052-AE593C9BBFFF}.Release|Any CPU.Build.0 = Release|x64
		{BE1B9A46-CF13-4D63-B052-AE593C9BBFFF}.Release|x64.ActiveCfg = Release|x64
		{BE1B9A46-CF13-4D63-B052-AE593C9BBFFF}.Release|x64.Build.0 = Release|x64
		{0E880C64-BA1C-42ED-B154-A10186E46258}.Debug|Any CPU.ActiveCfg = Debug|x64
		{0E880C64-BA1C-42ED-B154-A10186E46258}.Debug|Any CPU.Build.0 = Debug|x64
		{0E880C64-BA1C-42ED-B154-A10186E46258}.Debug|x64.ActiveCfg = Debug|x64
		{0E880C64-BA1C-42ED-B154-A10186E46258}.Debug|x64.Build.0 = Debug|x64
		{0E880C64-BA1C-42ED-B154-A10186E46258}.Release|Any CPU.ActiveCfg = Release|x64
		{0E880C64-BA1C-42ED-B154-A10186E46258}.Release|Any CPU.Build.0 = Release|x64
		{0E880C64-BA1C-42ED-B154-A10186E46258}.Release|x64.ActiveCfg = Release|x64
		{0E880C64-BA1C-42ED-B154-A10186E46258}.Release|x64.Build.0 = Release|x64
		{5A393475-6AF4-4D42-986F-9AAA8D4FA57E}.Debug|Any CPU.ActiveCfg = Debug|x64
		{5A393475-6AF4-4D42-986F-9AAA8D4FA57E}.Debug|Any CPU.Build.0 = Debug|x64
		{5A393475-6AF4-4D42-986F-9AAA8D4FA57E}.Debug|x64.ActiveCfg = Debug|x64
		{5A393475-6AF4-4D42-986F-9AAA8D4FA57E}.Debug|x64.Build.0 = Debug|x64
		{5A393475-6AF4-4D42-986F-9AAA8D4FA57E}.Release|Any CPU.ActiveCfg = Release|x64
		{5A393475-6AF4-4D42-986F-9AAA8D4FA57E}.Release|Any CPU.Build.0 = Release|x64
		{5A393475-6AF4-4D42-986F-9AAA8D4FA57E}.Release|x64.ActiveCfg = Release|x64
		{5A393475-6AF4-4D42-986F-9AAA8D4FA57E}.Release|x64.Build.0 = Release|x64
		{3331CCF3-E987-467A-94F1-394F2BE1E5C8}.Debug|Any CPU.ActiveCfg = Debug|x64
		{3331CCF3-E987-467A-94F1-394F2BE1E5C8}.Debug|Any CPU.Build.0 = Debug|x64
		{3331CCF3-E987-467A-94F1-394F2BE1E5C8}.Debug|x64.ActiveCfg = Debug|x64
		{3331CCF3-E987-467A-94F1-394F2BE1E5C8}.Debug|x64.Build.0 = Debug|x64
		{3331CCF3-E987-467A-94F1-394F2BE1E5C8}.Release|Any CPU.ActiveCfg = Release|x64
		{3331CCF3-E987-467A-94F1-394F2BE1E5C8}.Release|Any CPU.Build.0 = Release|x64
		{3331CCF3-E987-467A-94F1-394F2BE1E5C8}.Release|x64.ActiveCfg = Release|x64
		{3331CCF3-E987-467A-94F1-394F2BE1E5C8}.Release|x64.Build.0 = Release|x64
		{A4BCABCB-7F3C-4EAE-A5BB-7C627AAC2503}.Debug|Any CPU.ActiveCfg = Debug|x64
		{A4BCABCB-7F3C-4EAE-A5BB-7C627AAC2503}.Debug|Any CPU.Build.0 = Debug|x64
		{A4BCABCB-7F3C-4EAE-A5BB-7C627AAC2503}.Debug|x64.ActiveCfg = Debug|x64
		{A4BCABCB-7F3C-4EAE-A5BB-7C627AAC2503}.Debug|x64.Build.0 = Debug|x64
		{A4BCABCB-7F3C-4EAE-A5BB-7C627AAC2503}.Release|Any CPU.ActiveCfg = Release|x64
		{A4BCABCB-7F3C-4EAE-A5BB-7C627AAC2503}.Release|Any CPU.Build.0 = Release|x64
		{A4BCABCB-7F3C-4EAE-A5BB-7C627AAC2503}.Release|x64.ActiveCfg = Release|x64
		{A4BCABCB-7F3C-4EAE-A5BB-7C627AAC2503}.Release|x64.Build.0 = Release|x64
		{BAC2C7DD-8166-7A6D-0F6A-7AD3890BE204}.Debug|Any CPU.ActiveCfg = Debug|Any CPU
		{BAC2C7DD-8166-7A6D-0F6A-7AD3890BE204}.Debug|Any CPU.Build.0 = Debug|Any CPU
		{BAC2C7DD-8166-7A6D-0F6A-7AD3890BE204}.Debug|x64.ActiveCfg = Debug|x64
		{BAC2C7DD-8166-7A6D-0F6A-7AD3890BE204}.Debug|x64.Build.0 = Debug|x64
		{BAC2C7DD-8166-7A6D-0F6A-7AD3890BE204}.Release|Any CPU.ActiveCfg = Release|Any CPU
		{BAC2C7DD-8166-7A6D-0F6A-7AD3890BE204}.Release|Any CPU.Build.0 = Release|Any CPU
		{BAC2C7DD-8166-7A6D-0F6A-7AD3890BE204}.Release|x64.ActiveCfg = Release|x64
		{BAC2C7DD-8166-7A6D-0F6A-7AD3890BE204}.Release|x64.Build.0 = Release|x64
	EndGlobalSection
	GlobalSection(SolutionProperties) = preSolution
		HideSolutionNode = FALSE
	EndGlobalSection
	GlobalSection(NestedProjects) = preSolution
		{430B0D63-A8CC-4EEF-994A-60FA86DCE9DB} = {D2F89990-8127-4341-A73F-9B035978187A}
		{2C61059D-89A4-4399-8C17-63CE05919D55} = {D2F89990-8127-4341-A73F-9B035978187A}
		{269CB1E3-8731-4D2F-9608-4D43732F50E4} = {D2F89990-8127-4341-A73F-9B035978187A}
		{50043A13-FCB1-43E6-A15B-6457FD2FD855} = {6E0AB730-7080-4E97-865C-A21250A4567F}
		{FC200E98-DC12-4276-A7CD-588CD9E638A7} = {B7EE8A14-5695-41E9-B67E-ACFFC30E971B}
		{06E3CFB7-294B-45E6-B747-4BC3CE89A2BE} = {D2F89990-8127-4341-A73F-9B035978187A}
		{72AB3686-6CA5-4581-914B-2940A518397D} = {D2F89990-8127-4341-A73F-9B035978187A}
		{2D79B73E-DCFB-42FF-9B58-27CA4F17DBFC} = {D2F89990-8127-4341-A73F-9B035978187A}
		{E02B63DD-1582-4E1E-A9A6-24C2E676E8F0} = {D2F89990-8127-4341-A73F-9B035978187A}
		{41FC6389-20AC-4C10-9F59-1A8636605EC6} = {D2F89990-8127-4341-A73F-9B035978187A}
		{0E6C5157-25E4-49E2-ADDC-BCE881416651} = {6E0AB730-7080-4E97-865C-A21250A4567F}
		{DF8FE09D-E1FD-4BC9-B1F9-E20366CA06C1} = {D2F89990-8127-4341-A73F-9B035978187A}
		{1A72A372-4493-40C5-91FF-CE49FC367FFA} = {D2F89990-8127-4341-A73F-9B035978187A}
		{78196985-EE54-411F-822B-5A23EDF80642} = {B7EE8A14-5695-41E9-B67E-ACFFC30E971B}
		{A49FCC5E-541C-456E-B33F-4979B3C7157C} = {D2F89990-8127-4341-A73F-9B035978187A}
		{C9071A95-D624-448D-AD6F-2F844AE5A769} = {D2F89990-8127-4341-A73F-9B035978187A}
		{B147B765-BECF-4229-89FA-E82971784E85} = {D2F89990-8127-4341-A73F-9B035978187A}
		{B28D807F-13DB-4BEB-8CB9-62F71B0E5A36} = {DF8FE09D-E1FD-4BC9-B1F9-E20366CA06C1}
		{64BC8755-826A-4608-8729-9FB9E2DC16BC} = {B28D807F-13DB-4BEB-8CB9-62F71B0E5A36}
		{9100B002-C65B-4C2F-BE66-56913FB65E7A} = {B28D807F-13DB-4BEB-8CB9-62F71B0E5A36}
		{FE0BD672-6853-4E38-B553-80C84C992E15} = {B28D807F-13DB-4BEB-8CB9-62F71B0E5A36}
		{EB4DADF8-6E6E-4FE0-B0DF-793E74A2FFD0} = {B28D807F-13DB-4BEB-8CB9-62F71B0E5A36}
		{65613648-C5B7-4AD1-9FA2-6816C54239E9} = {D2F89990-8127-4341-A73F-9B035978187A}
		{1FC1038C-8DC8-46E7-A2D4-BCA4F74EF0B4} = {D2F89990-8127-4341-A73F-9B035978187A}
		{2F15214A-C326-43F2-B84A-6F19AD7E9D84} = {DF8FE09D-E1FD-4BC9-B1F9-E20366CA06C1}
		{501E57D8-CFB0-4F4B-AFA5-D81ED31C7C92} = {6E0AB730-7080-4E97-865C-A21250A4567F}
		{934AF3B8-E8E9-4F06-92F4-E07213A606BF} = {D2F89990-8127-4341-A73F-9B035978187A}
		{F4550663-C436-487A-9F3E-1F5EB7E74C6C} = {D2F89990-8127-4341-A73F-9B035978187A}
		{FF7314AB-B108-4109-943B-360992173850} = {D2F89990-8127-4341-A73F-9B035978187A}
		{BF5A2E9C-6AF8-48A4-A7CC-7E20A09CF22F} = {D2F89990-8127-4341-A73F-9B035978187A}
		{447B087C-B1E7-4558-9546-E036632440DE} = {D2F89990-8127-4341-A73F-9B035978187A}
		{D5F0CFEF-757F-4082-9A09-7EBF301A65D4} = {6E0AB730-7080-4E97-865C-A21250A4567F}
		{C4EA4895-C3D1-471B-B1ED-FF019FCCBDA7} = {D2F89990-8127-4341-A73F-9B035978187A}
		{922F9EC4-5D63-4C73-9DC3-D02DCEEB0AF8} = {D2F89990-8127-4341-A73F-9B035978187A}
		{3F01903E-9FA4-4E70-5489-2D5F1491544B} = {D2F89990-8127-4341-A73F-9B035978187A}
		{B7D862D7-DAD6-CB4A-F327-EE515097FC5E} = {D2F89990-8127-4341-A73F-9B035978187A}
		{F4A6045D-CF77-115D-332A-6526E753BE72} = {6E0AB730-7080-4E97-865C-A21250A4567F}
		{F62C1640-677A-7829-3704-D7659AC74D3E} = {D2F89990-8127-4341-A73F-9B035978187A}
		{9F683FB9-7BA7-295A-CCC7-8EA49694AEF3} = {B7EE8A14-5695-41E9-B67E-ACFFC30E971B}
		{EE1989FE-64FF-C846-5935-AC8309FEB8A6} = {D2F89990-8127-4341-A73F-9B035978187A}
		{E5ECA787-FCA9-7090-949D-C06AFB76CFFA} = {D2F89990-8127-4341-A73F-9B035978187A}
		{8187324B-9B58-DA34-07EF-6E16C311105B} = {D2F89990-8127-4341-A73F-9B035978187A}
		{A8FAF2AF-D928-42FA-8486-031F9717346A} = {D2F89990-8127-4341-A73F-9B035978187A}
		{C8281CEC-BDC0-7A41-0318-3E850F34EA15} = {D2F89990-8127-4341-A73F-9B035978187A}
		{9ED60EC1-37E4-4DA5-B071-D24B92A93A0F} = {D2F89990-8127-4341-A73F-9B035978187A}
		{5EA04E1C-6969-17B4-6486-F701FCB48871} = {D2F89990-8127-4341-A73F-9B035978187A}
		{BC9916AF-E89D-7754-EEE3-D6B3612FD941} = {D2F89990-8127-4341-A73F-9B035978187A}
		{6E209DF9-0B78-CF84-B801-5DC93AF4B1AA} = {D2F89990-8127-4341-A73F-9B035978187A}
		{BCEAC9A5-554E-82C9-C37A-8019B3056D8E} = {6E0AB730-7080-4E97-865C-A21250A4567F}
		{C757C87C-B73B-B411-E959-E93B8FB3B51D} = {D2F89990-8127-4341-A73F-9B035978187A}
		{A86CC06E-07F0-83D9-AA12-E41B5426117A} = {D2F89990-8127-4341-A73F-9B035978187A}
		{09E9A2E3-2A57-4409-9EA1-64C0DB5F9A46} = {6E0AB730-7080-4E97-865C-A21250A4567F}
		{0DB14EBE-ED26-4940-AEAB-2A0A6AC86982} = {2F646680-91A4-F107-74F4-9BF3126A0F16}
		{DF0EBC8B-6E9C-43D0-9EA4-CE89BADE7DB7} = {2F646680-91A4-F107-74F4-9BF3126A0F16}
		{656C8328-A87D-459A-BEED-8BA36D267D7B} = {2F646680-91A4-F107-74F4-9BF3126A0F16}
		{DC03EB96-1FE0-42A6-9278-569E768DFD2F} = {2F646680-91A4-F107-74F4-9BF3126A0F16}
		{11C2790B-7F93-436E-8569-09313D0F6E15} = {2F646680-91A4-F107-74F4-9BF3126A0F16}
		{3077CBDD-EDAA-4DE7-BA17-EB7FEE265F26} = {2F646680-91A4-F107-74F4-9BF3126A0F16}
		{EC030358-7E6A-4490-89A5-5983EA5A085C} = {2F646680-91A4-F107-74F4-9BF3126A0F16}
		{177250B5-83D1-48CA-8D43-DB6F2B7131A0} = {2F646680-91A4-F107-74F4-9BF3126A0F16}
		{967C6514-C510-485F-81FE-2FF708D4575E} = {2F646680-91A4-F107-74F4-9BF3126A0F16}
		{BFD2B27E-B7CB-445F-9757-2CF077804C5C} = {2F646680-91A4-F107-74F4-9BF3126A0F16}
		{7B6E8FA7-E76E-45F6-BE53-E1321CEE0339} = {2F646680-91A4-F107-74F4-9BF3126A0F16}
		{60874779-29B5-4544-9B59-D11EA9DA51F6} = {2F646680-91A4-F107-74F4-9BF3126A0F16}
		{BC4E48FA-6B09-4F3C-8EB6-E2C8D2A8ADE8} = {2F646680-91A4-F107-74F4-9BF3126A0F16}
		{73BAD35C-C51F-44F6-B567-C9AE5F3784F2} = {2F646680-91A4-F107-74F4-9BF3126A0F16}
		{701E1F57-7F7A-411C-BABC-E08D7679F6A4} = {2F646680-91A4-F107-74F4-9BF3126A0F16}
		{85D70B4B-BE26-480E-A91C-A9B77B59FBE6} = {2F646680-91A4-F107-74F4-9BF3126A0F16}
		{3D055E8C-FB12-4DF0-B995-149132081CF0} = {2F646680-91A4-F107-74F4-9BF3126A0F16}
		{CF9EB4C0-F145-481C-A90D-F47EF21BDF10} = {2F646680-91A4-F107-74F4-9BF3126A0F16}
		{F2D3A44D-229D-448A-8840-3D6E47BC662E} = {2F646680-91A4-F107-74F4-9BF3126A0F16}
		{6DD00A5F-3E9D-4525-A695-A2F1208F5C70} = {2F646680-91A4-F107-74F4-9BF3126A0F16}
		{3C68A091-7232-4271-BCCF-C24FB51DAC6D} = {2F646680-91A4-F107-74F4-9BF3126A0F16}
		{256141B6-50AE-4F66-9A35-4B97D473A9A0} = {2F646680-91A4-F107-74F4-9BF3126A0F16}
		{13CD95BE-0FEE-43B3-B0FD-A78D4D95A804} = {2F646680-91A4-F107-74F4-9BF3126A0F16}
		{E1B82B9E-700E-4438-B840-2D6F9832754F} = {2F646680-91A4-F107-74F4-9BF3126A0F16}
		{88C9BCC0-8736-4092-940A-DC46262DA649} = {2F646680-91A4-F107-74F4-9BF3126A0F16}
		{8E4808F2-3464-4DC5-9280-7BB6B159F3C7} = {2F646680-91A4-F107-74F4-9BF3126A0F16}
		{1BE8BE40-AC0A-42BC-B45C-35F9545F5B66} = {2F646680-91A4-F107-74F4-9BF3126A0F16}
		{E5FB5A47-B4F9-4967-8520-5F53D76947E3} = {2F646680-91A4-F107-74F4-9BF3126A0F16}
		{4FC6CD9E-0680-4564-87BB-282297BEBC87} = {2F646680-91A4-F107-74F4-9BF3126A0F16}
		{659D467C-2842-4621-9831-C0F0BC643691} = {2F646680-91A4-F107-74F4-9BF3126A0F16}
		{BE1B9A46-CF13-4D63-B052-AE593C9BBFFF} = {2F646680-91A4-F107-74F4-9BF3126A0F16}
		{0E880C64-BA1C-42ED-B154-A10186E46258} = {2F646680-91A4-F107-74F4-9BF3126A0F16}
		{5A393475-6AF4-4D42-986F-9AAA8D4FA57E} = {2F646680-91A4-F107-74F4-9BF3126A0F16}
		{3331CCF3-E987-467A-94F1-394F2BE1E5C8} = {2F646680-91A4-F107-74F4-9BF3126A0F16}
		{A4BCABCB-7F3C-4EAE-A5BB-7C627AAC2503} = {2F646680-91A4-F107-74F4-9BF3126A0F16}
		{BAC2C7DD-8166-7A6D-0F6A-7AD3890BE204} = {6E0AB730-7080-4E97-865C-A21250A4567F}
	EndGlobalSection
	GlobalSection(ExtensibilityGlobals) = postSolution
		SolutionGuid = {61EF079C-10DE-4452-8C7E-BD9034A760E3}
	EndGlobalSection
EndGlobal
