
Microsoft Visual Studio Solution File, Format Version 12.00
# Visual Studio Version 18
VisualStudioVersion = 18.0.11217.181
MinimumVisualStudioVersion = 10.0.40219.1
Project("{2150E333-8FDC-42A3-9474-1A3956D46DE8}") = "Components", "Components", "{D2F89990-8127-4341-A73F-9B035978187A}"
EndProject
Project("{9A19103F-16F7-4668-BE54-9A1E7A4F7556}") = "Nuitrack", "Components\Nuitrack\Nuitrack.csproj", "{430B0D63-A8CC-4EEF-994A-60FA86DCE9DB}"
EndProject
Project("{9A19103F-16F7-4668-BE54-9A1E7A4F7556}") = "WebRTC", "Components\WebRTC\WebRTC.csproj", "{2C61059D-89A4-4399-8C17-63CE05919D55}"
EndProject
Project("{2150E333-8FDC-42A3-9474-1A3956D46DE8}") = "Applications", "Applications", "{6E0AB730-7080-4E97-865C-A21250A4567F}"
EndProject
Project("{9A19103F-16F7-4668-BE54-9A1E7A4F7556}") = "Optitrack", "Components\Optitrack\Optitrack.csproj", "{269CB1E3-8731-4D2F-9608-4D43732F50E4}"
EndProject
Project("{9A19103F-16F7-4668-BE54-9A1E7A4F7556}") = "TestingConsole", "Applications\TestingConsole\TestingConsole.csproj", "{50043A13-FCB1-43E6-A15B-6457FD2FD855}"
EndProject
Project("{2150E333-8FDC-42A3-9474-1A3956D46DE8}") = "Interop", "Interop", "{B7EE8A14-5695-41E9-B67E-ACFFC30E971B}"
EndProject
Project("{8BC9CEB8-8B4A-11D0-8D11-00A0C91BC942}") = "BiopacInterop", "Interop\BiopacInterop\BiopacInterop.vcxproj", "{FC200E98-DC12-4276-A7CD-588CD9E638A7}"
EndProject
Project("{9A19103F-16F7-4668-BE54-9A1E7A4F7556}") = "LabJack", "Components\LabJack\LabJack.csproj", "{06E3CFB7-294B-45E6-B747-4BC3CE89A2BE}"
EndProject
Project("{9A19103F-16F7-4668-BE54-9A1E7A4F7556}") = "KinectAzureRemoteConnector", "Components\KinectAzureRemoteConnector\KinectAzureRemoteConnector.csproj", "{72AB3686-6CA5-4581-914B-2940A518397D}"
EndProject
Project("{9A19103F-16F7-4668-BE54-9A1E7A4F7556}") = "UnrealRemoteConnector", "Components\UnrealRemoteConnector\UnrealRemoteConnector.csproj", "{2D79B73E-DCFB-42FF-9B58-27CA4F17DBFC}"
EndProject
Project("{9A19103F-16F7-4668-BE54-9A1E7A4F7556}") = "Helpers", "Components\Helpers\Helpers.csproj", "{E02B63DD-1582-4E1E-A9A6-24C2E676E8F0}"
EndProject
Project("{9A19103F-16F7-4668-BE54-9A1E7A4F7556}") = "Biopac", "Components\Biopac\Biopac.csproj", "{41FC6389-20AC-4C10-9F59-1A8636605EC6}"
EndProject
Project("{9A19103F-16F7-4668-BE54-9A1E7A4F7556}") = "ffmpegToStore", "Applications\ffmpegToStore\ffmpegToStore.csproj", "{0E6C5157-25E4-49E2-ADDC-BCE881416651}"
EndProject
Project("{2150E333-8FDC-42A3-9474-1A3956D46DE8}") = "Unity", "Unity", "{DF8FE09D-E1FD-4BC9-B1F9-E20366CA06C1}"
	ProjectSection(SolutionItems) = preProject
		PsiInUnity.md = PsiInUnity.md
		Components\Unity\README.md = Components\Unity\README.md
	EndProjectSection
EndProject
Project("{9A19103F-16F7-4668-BE54-9A1E7A4F7556}") = "OpenFace", "Components\OpenFace\OpenFace.csproj", "{1A72A372-4493-40C5-91FF-CE49FC367FFA}"
EndProject
Project("{8BC9CEB8-8B4A-11D0-8D11-00A0C91BC942}") = "OpenFaceInterop", "Interop\OpenFaceInterop\OpenFaceInterop.vcxproj", "{78196985-EE54-411F-822B-5A23EDF80642}"
EndProject
Project("{9A19103F-16F7-4668-BE54-9A1E7A4F7556}") = "Bodies", "Components\Bodies\Bodies.csproj", "{A49FCC5E-541C-456E-B33F-4979B3C7157C}"
EndProject
Project("{9A19103F-16F7-4668-BE54-9A1E7A4F7556}") = "Ollama", "Components\Ollama\Ollama.csproj", "{C9071A95-D624-448D-AD6F-2F844AE5A769}"
EndProject
Project("{9A19103F-16F7-4668-BE54-9A1E7A4F7556}") = "Whisper", "Components\Whisper\Whisper.csproj", "{B147B765-BECF-4229-89FA-E82971784E85}"
EndProject
Project("{2150E333-8FDC-42A3-9474-1A3956D46DE8}") = "src", "src", "{B28D807F-13DB-4BEB-8CB9-62F71B0E5A36}"
EndProject
Project("{2150E333-8FDC-42A3-9474-1A3956D46DE8}") = "Importers", "Importers", "{64BC8755-826A-4608-8729-9FB9E2DC16BC}"
	ProjectSection(SolutionItems) = preProject
		Components\Unity\src\Importers\PsiImporterListOfSimplifiedBody.cs = Components\Unity\src\Importers\PsiImporterListOfSimplifiedBody.cs
		Components\Unity\src\Importers\PsiImporterPing.cs = Components\Unity\src\Importers\PsiImporterPing.cs
		Components\Unity\src\Importers\PsiImporterPosition.cs = Components\Unity\src\Importers\PsiImporterPosition.cs
	EndProjectSection
EndProject
Project("{2150E333-8FDC-42A3-9474-1A3956D46DE8}") = "Base", "Base", "{9100B002-C65B-4C2F-BE66-56913FB65E7A}"
	ProjectSection(SolutionItems) = preProject
		Components\Unity\src\Base\PsiExporter.cs = Components\Unity\src\Base\PsiExporter.cs
		Components\Unity\src\Base\PsiImporter.cs = Components\Unity\src\Base\PsiImporter.cs
		Components\Unity\src\Base\PsiPipelineManager.cs = Components\Unity\src\Base\PsiPipelineManager.cs
		Components\Unity\src\Base\PsiSerializerReflexion.cs = Components\Unity\src\Base\PsiSerializerReflexion.cs
	EndProjectSection
EndProject
Project("{2150E333-8FDC-42A3-9474-1A3956D46DE8}") = "Exporters", "Exporters", "{FE0BD672-6853-4E38-B553-80C84C992E15}"
	ProjectSection(SolutionItems) = preProject
		Components\Unity\src\Exporters\PsiExporterDateTime.cs = Components\Unity\src\Exporters\PsiExporterDateTime.cs
		Components\Unity\src\Exporters\PsiExporterImage.cs = Components\Unity\src\Exporters\PsiExporterImage.cs
		Components\Unity\src\Exporters\PsiExporterImageAsSteam.cs = Components\Unity\src\Exporters\PsiExporterImageAsSteam.cs
		Components\Unity\src\Exporters\PsiExporterInteger.cs = Components\Unity\src\Exporters\PsiExporterInteger.cs
		Components\Unity\src\Exporters\PsiExporterMatrix4x4.cs = Components\Unity\src\Exporters\PsiExporterMatrix4x4.cs
		Components\Unity\src\Exporters\PsiExporterPosition.cs = Components\Unity\src\Exporters\PsiExporterPosition.cs
		Components\Unity\src\Exporters\PsiExporterPositionOrientation.cs = Components\Unity\src\Exporters\PsiExporterPositionOrientation.cs
		Components\Unity\src\Exporters\PsiExporterString.cs = Components\Unity\src\Exporters\PsiExporterString.cs
	EndProjectSection
EndProject
Project("{2150E333-8FDC-42A3-9474-1A3956D46DE8}") = "Formats", "Formats", "{EB4DADF8-6E6E-4FE0-B0DF-793E74A2FFD0}"
	ProjectSection(SolutionItems) = preProject
		Components\Unity\src\Formats\PsiFormatImage.cs = Components\Unity\src\Formats\PsiFormatImage.cs
	EndProjectSection
EndProject
Project("{9A19103F-16F7-4668-BE54-9A1E7A4F7556}") = "Groups", "Components\Groups\Groups.csproj", "{65613648-C5B7-4AD1-9FA2-6816C54239E9}"
EndProject
Project("{9A19103F-16F7-4668-BE54-9A1E7A4F7556}") = "Visualizations", "Components\Visualizations\Visualizations.csproj", "{1FC1038C-8DC8-46E7-A2D4-BCA4F74EF0B4}"
EndProject
Project("{2150E333-8FDC-42A3-9474-1A3956D46DE8}") = "docs", "docs", "{2F15214A-C326-43F2-B84A-6F19AD7E9D84}"
	ProjectSection(SolutionItems) = preProject
		Components\Unity\docs\bcl_configuration.jpg = Components\Unity\docs\bcl_configuration.jpg
		Components\Unity\docs\pipeline_manager.jpg = Components\Unity\docs\pipeline_manager.jpg
	EndProjectSection
EndProject
Project("{9A19103F-16F7-4668-BE54-9A1E7A4F7556}") = "SaaCPsiStudio", "Applications\SaaCPsiStudio\SaaCPsiStudio.csproj", "{501E57D8-CFB0-4F4B-AFA5-D81ED31C7C92}"
EndProject
Project("{9A19103F-16F7-4668-BE54-9A1E7A4F7556}") = "PipelineServices", "Components\PipelineServices\PipelineServices.csproj", "{934AF3B8-E8E9-4F06-92F4-E07213A606BF}"
EndProject
Project("{9A19103F-16F7-4668-BE54-9A1E7A4F7556}") = "KinectAzureRemoteServices", "Components\KinectAzureRemoteServices\KinectAzureRemoteServices.csproj", "{F4550663-C436-487A-9F3E-1F5EB7E74C6C}"
EndProject
Project("{9A19103F-16F7-4668-BE54-9A1E7A4F7556}") = "TeslaSuit", "Components\TeslaSuit\TeslaSuit.csproj", "{FF7314AB-B108-4109-943B-360992173850}"
EndProject
Project("{9A19103F-16F7-4668-BE54-9A1E7A4F7556}") = "AttentionMeasures", "Components\AttentionMeasures\AttentionMeasures.csproj", "{BF5A2E9C-6AF8-48A4-A7CC-7E20A09CF22F}"
EndProject
Project("{9A19103F-16F7-4668-BE54-9A1E7A4F7556}") = "BodiesRemoteServices", "Components\BodiesRemoteServices\BodiesRemoteServices.csproj", "{447B087C-B1E7-4558-9546-E036632440DE}"
EndProject
Project("{9A19103F-16F7-4668-BE54-9A1E7A4F7556}") = "WhisperRemoteApp", "Applications\WhisperRemoteApp\WhisperRemoteApp.csproj", "{D5F0CFEF-757F-4082-9A09-7EBF301A65D4}"
EndProject
Project("{9A19103F-16F7-4668-BE54-9A1E7A4F7556}") = "GlobalHelpers", "Components\GlobalHelpers\GlobalHelpers.csproj", "{C4EA4895-C3D1-471B-B1ED-FF019FCCBDA7}"
EndProject
Project("{9A19103F-16F7-4668-BE54-9A1E7A4F7556}") = "KinectAzureRemoteConsole", "Applications\KinectAzureRemoteConsole\KinectAzureRemoteConsole.csproj", "{8788DD89-F75B-4C7C-AFD6-E93532253076}"
EndProject
Project("{FAE04EC0-301F-11D3-BF4B-00C04F79EFBC}") = "PsiFormats", "Components\PsiFormats\PsiFormats.csproj", "{922F9EC4-5D63-4C73-9DC3-D02DCEEB0AF8}"
EndProject
Project("{FAE04EC0-301F-11D3-BF4B-00C04F79EFBC}") = "LabStreamLayer", "Components\LabStreamLayer\LabStreamLayer.csproj", "{3F01903E-9FA4-4E70-5489-2D5F1491544B}"
EndProject
Project("{FAE04EC0-301F-11D3-BF4B-00C04F79EFBC}") = "AudioRecording", "Components\AudioRecording\AudioRecording.csproj", "{B7D862D7-DAD6-CB4A-F327-EE515097FC5E}"
EndProject
Project("{FAE04EC0-301F-11D3-BF4B-00C04F79EFBC}") = "VideoRemoteApp", "Applications\VideoRemoteApp\VideoRemoteApp.csproj", "{F4A6045D-CF77-115D-332A-6526E753BE72}"
EndProject
Project("{FAE04EC0-301F-11D3-BF4B-00C04F79EFBC}") = "PLUME", "Components\PLUME\PLUME.csproj", "{F62C1640-677A-7829-3704-D7659AC74D3E}"
EndProject
Project("{FAE04EC0-301F-11D3-BF4B-00C04F79EFBC}") = "PlumeInterop", "Interop\PlumeInterop\PlumeInterop.csproj", "{9F683FB9-7BA7-295A-CCC7-8EA49694AEF3}"
EndProject
Project("{FAE04EC0-301F-11D3-BF4B-00C04F79EFBC}") = "WhisperRemoteConnector", "Components\WhisperRemoteConnector\WhisperRemoteConnector.csproj", "{EE1989FE-64FF-C846-5935-AC8309FEB8A6}"
EndProject
Project("{FAE04EC0-301F-11D3-BF4B-00C04F79EFBC}") = "WhisperRemoteServices", "Components\WhisperRemoteServices\WhisperRemoteServices.csproj", "{E5ECA787-FCA9-7090-949D-C06AFB76CFFA}"
EndProject
Project("{FAE04EC0-301F-11D3-BF4B-00C04F79EFBC}") = "WhisperHelpers", "Components\WhisperHelpers\WhisperHelpers.csproj", "{8187324B-9B58-DA34-07EF-6E16C311105B}"
EndProject
Project("{FAE04EC0-301F-11D3-BF4B-00C04F79EFBC}") = "InteropExtension", "Components\InteropExtension\InteropExtension.csproj", "{A8FAF2AF-D928-42FA-8486-031F9717346A}"
EndProject
Project("{FAE04EC0-301F-11D3-BF4B-00C04F79EFBC}") = "Skinetic", "Components\Skinetic\Skinetic.csproj", "{C8281CEC-BDC0-7A41-0318-3E850F34EA15}"
EndProject
Project("{FAE04EC0-301F-11D3-BF4B-00C04F79EFBC}") = "Gestures", "Components\Gestures\Gestures.csproj", "{9ED60EC1-37E4-4DA5-B071-D24B92A93A0F}"
EndProject
Project("{FAE04EC0-301F-11D3-BF4B-00C04F79EFBC}") = "NuitrackRemoteConnector", "Components\NuitrackRemoteConnector\NuitrackRemoteConnector.csproj", "{5EA04E1C-6969-17B4-6486-F701FCB48871}"
EndProject
Project("{FAE04EC0-301F-11D3-BF4B-00C04F79EFBC}") = "NuitrackRemoteServices", "Components\NuitrackRemoteServices\NuitrackRemoteServices.csproj", "{BC9916AF-E89D-7754-EEE3-D6B3612FD941}"
EndProject
Project("{FAE04EC0-301F-11D3-BF4B-00C04F79EFBC}") = "KinectRemoteServices", "Components\KinectRemoteServices\KinectRemoteServices.csproj", "{6E209DF9-0B78-CF84-B801-5DC93AF4B1AA}"
EndProject
Project("{FAE04EC0-301F-11D3-BF4B-00C04F79EFBC}") = "CameraRemoteApp", "Applications\CameraRemoteApp\CameraRemoteApp.csproj", "{BCEAC9A5-554E-82C9-C37A-8019B3056D8E}"
EndProject
Project("{FAE04EC0-301F-11D3-BF4B-00C04F79EFBC}") = "PsiStudioReplayExtension", "Components\PsiStudioReplayExtension\PsiStudioReplayExtension.csproj", "{C757C87C-B73B-B411-E959-E93B8FB3B51D}"
EndProject
Global
	GlobalSection(SolutionConfigurationPlatforms) = preSolution
		Debug|Any CPU = Debug|Any CPU
		Debug|x64 = Debug|x64
		Release|Any CPU = Release|Any CPU
		Release|x64 = Release|x64
	EndGlobalSection
	GlobalSection(ProjectConfigurationPlatforms) = postSolution
		{430B0D63-A8CC-4EEF-994A-60FA86DCE9DB}.Debug|Any CPU.ActiveCfg = Debug|x64
		{430B0D63-A8CC-4EEF-994A-60FA86DCE9DB}.Debug|Any CPU.Build.0 = Debug|x64
		{430B0D63-A8CC-4EEF-994A-60FA86DCE9DB}.Debug|x64.ActiveCfg = Debug|x64
		{430B0D63-A8CC-4EEF-994A-60FA86DCE9DB}.Debug|x64.Build.0 = Debug|x64
		{430B0D63-A8CC-4EEF-994A-60FA86DCE9DB}.Release|Any CPU.ActiveCfg = Release|x64
		{430B0D63-A8CC-4EEF-994A-60FA86DCE9DB}.Release|Any CPU.Build.0 = Release|x64
		{430B0D63-A8CC-4EEF-994A-60FA86DCE9DB}.Release|x64.ActiveCfg = Release|x64
		{430B0D63-A8CC-4EEF-994A-60FA86DCE9DB}.Release|x64.Build.0 = Release|x64
		{2C61059D-89A4-4399-8C17-63CE05919D55}.Debug|Any CPU.ActiveCfg = Debug|x64
		{2C61059D-89A4-4399-8C17-63CE05919D55}.Debug|Any CPU.Build.0 = Debug|x64
		{2C61059D-89A4-4399-8C17-63CE05919D55}.Debug|x64.ActiveCfg = Debug|x64
		{2C61059D-89A4-4399-8C17-63CE05919D55}.Debug|x64.Build.0 = Debug|x64
		{2C61059D-89A4-4399-8C17-63CE05919D55}.Release|Any CPU.ActiveCfg = Release|x64
		{2C61059D-89A4-4399-8C17-63CE05919D55}.Release|Any CPU.Build.0 = Release|x64
		{2C61059D-89A4-4399-8C17-63CE05919D55}.Release|x64.ActiveCfg = Release|x64
		{2C61059D-89A4-4399-8C17-63CE05919D55}.Release|x64.Build.0 = Release|x64
		{269CB1E3-8731-4D2F-9608-4D43732F50E4}.Debug|Any CPU.ActiveCfg = Debug|x64
		{269CB1E3-8731-4D2F-9608-4D43732F50E4}.Debug|Any CPU.Build.0 = Debug|x64
		{269CB1E3-8731-4D2F-9608-4D43732F50E4}.Debug|x64.ActiveCfg = Debug|x64
		{269CB1E3-8731-4D2F-9608-4D43732F50E4}.Debug|x64.Build.0 = Debug|x64
		{269CB1E3-8731-4D2F-9608-4D43732F50E4}.Release|Any CPU.ActiveCfg = Release|x64
		{269CB1E3-8731-4D2F-9608-4D43732F50E4}.Release|Any CPU.Build.0 = Release|x64
		{269CB1E3-8731-4D2F-9608-4D43732F50E4}.Release|x64.ActiveCfg = Release|x64
		{269CB1E3-8731-4D2F-9608-4D43732F50E4}.Release|x64.Build.0 = Release|x64
		{50043A13-FCB1-43E6-A15B-6457FD2FD855}.Debug|Any CPU.ActiveCfg = Debug|x64
		{50043A13-FCB1-43E6-A15B-6457FD2FD855}.Debug|Any CPU.Build.0 = Debug|x64
		{50043A13-FCB1-43E6-A15B-6457FD2FD855}.Debug|x64.ActiveCfg = Debug|x64
		{50043A13-FCB1-43E6-A15B-6457FD2FD855}.Debug|x64.Build.0 = Debug|x64
		{50043A13-FCB1-43E6-A15B-6457FD2FD855}.Release|Any CPU.ActiveCfg = Release|x64
		{50043A13-FCB1-43E6-A15B-6457FD2FD855}.Release|Any CPU.Build.0 = Release|x64
		{50043A13-FCB1-43E6-A15B-6457FD2FD855}.Release|x64.ActiveCfg = Release|x64
		{50043A13-FCB1-43E6-A15B-6457FD2FD855}.Release|x64.Build.0 = Release|x64
		{FC200E98-DC12-4276-A7CD-588CD9E638A7}.Debug|Any CPU.ActiveCfg = Debug|x64
		{FC200E98-DC12-4276-A7CD-588CD9E638A7}.Debug|Any CPU.Build.0 = Debug|x64
		{FC200E98-DC12-4276-A7CD-588CD9E638A7}.Debug|x64.ActiveCfg = Debug|x64
		{FC200E98-DC12-4276-A7CD-588CD9E638A7}.Debug|x64.Build.0 = Debug|x64
		{FC200E98-DC12-4276-A7CD-588CD9E638A7}.Release|Any CPU.ActiveCfg = Release|x64
		{FC200E98-DC12-4276-A7CD-588CD9E638A7}.Release|Any CPU.Build.0 = Release|x64
		{FC200E98-DC12-4276-A7CD-588CD9E638A7}.Release|x64.ActiveCfg = Release|x64
		{FC200E98-DC12-4276-A7CD-588CD9E638A7}.Release|x64.Build.0 = Release|x64
		{06E3CFB7-294B-45E6-B747-4BC3CE89A2BE}.Debug|Any CPU.ActiveCfg = Debug|x64
		{06E3CFB7-294B-45E6-B747-4BC3CE89A2BE}.Debug|Any CPU.Build.0 = Debug|x64
		{06E3CFB7-294B-45E6-B747-4BC3CE89A2BE}.Debug|x64.ActiveCfg = Debug|x64
		{06E3CFB7-294B-45E6-B747-4BC3CE89A2BE}.Debug|x64.Build.0 = Debug|x64
		{06E3CFB7-294B-45E6-B747-4BC3CE89A2BE}.Release|Any CPU.ActiveCfg = Release|x64
		{06E3CFB7-294B-45E6-B747-4BC3CE89A2BE}.Release|Any CPU.Build.0 = Release|x64
		{06E3CFB7-294B-45E6-B747-4BC3CE89A2BE}.Release|x64.ActiveCfg = Release|x64
		{06E3CFB7-294B-45E6-B747-4BC3CE89A2BE}.Release|x64.Build.0 = Release|x64
		{72AB3686-6CA5-4581-914B-2940A518397D}.Debug|Any CPU.ActiveCfg = Debug|x64
		{72AB3686-6CA5-4581-914B-2940A518397D}.Debug|Any CPU.Build.0 = Debug|x64
		{72AB3686-6CA5-4581-914B-2940A518397D}.Debug|x64.ActiveCfg = Debug|x64
		{72AB3686-6CA5-4581-914B-2940A518397D}.Debug|x64.Build.0 = Debug|x64
		{72AB3686-6CA5-4581-914B-2940A518397D}.Release|Any CPU.ActiveCfg = Release|x64
		{72AB3686-6CA5-4581-914B-2940A518397D}.Release|Any CPU.Build.0 = Release|x64
		{72AB3686-6CA5-4581-914B-2940A518397D}.Release|x64.ActiveCfg = Release|x64
		{72AB3686-6CA5-4581-914B-2940A518397D}.Release|x64.Build.0 = Release|x64
		{2D79B73E-DCFB-42FF-9B58-27CA4F17DBFC}.Debug|Any CPU.ActiveCfg = Debug|x64
		{2D79B73E-DCFB-42FF-9B58-27CA4F17DBFC}.Debug|Any CPU.Build.0 = Debug|x64
		{2D79B73E-DCFB-42FF-9B58-27CA4F17DBFC}.Debug|x64.ActiveCfg = Debug|x64
		{2D79B73E-DCFB-42FF-9B58-27CA4F17DBFC}.Debug|x64.Build.0 = Debug|x64
		{2D79B73E-DCFB-42FF-9B58-27CA4F17DBFC}.Release|Any CPU.ActiveCfg = Release|x64
		{2D79B73E-DCFB-42FF-9B58-27CA4F17DBFC}.Release|Any CPU.Build.0 = Release|x64
		{2D79B73E-DCFB-42FF-9B58-27CA4F17DBFC}.Release|x64.ActiveCfg = Release|x64
		{2D79B73E-DCFB-42FF-9B58-27CA4F17DBFC}.Release|x64.Build.0 = Release|x64
		{E02B63DD-1582-4E1E-A9A6-24C2E676E8F0}.Debug|Any CPU.ActiveCfg = Debug|x64
		{E02B63DD-1582-4E1E-A9A6-24C2E676E8F0}.Debug|Any CPU.Build.0 = Debug|x64
		{E02B63DD-1582-4E1E-A9A6-24C2E676E8F0}.Debug|x64.ActiveCfg = Debug|x64
		{E02B63DD-1582-4E1E-A9A6-24C2E676E8F0}.Debug|x64.Build.0 = Debug|x64
		{E02B63DD-1582-4E1E-A9A6-24C2E676E8F0}.Release|Any CPU.ActiveCfg = Release|x64
		{E02B63DD-1582-4E1E-A9A6-24C2E676E8F0}.Release|Any CPU.Build.0 = Release|x64
		{E02B63DD-1582-4E1E-A9A6-24C2E676E8F0}.Release|x64.ActiveCfg = Release|x64
		{E02B63DD-1582-4E1E-A9A6-24C2E676E8F0}.Release|x64.Build.0 = Release|x64
		{41FC6389-20AC-4C10-9F59-1A8636605EC6}.Debug|Any CPU.ActiveCfg = Debug|x64
		{41FC6389-20AC-4C10-9F59-1A8636605EC6}.Debug|Any CPU.Build.0 = Debug|x64
		{41FC6389-20AC-4C10-9F59-1A8636605EC6}.Debug|x64.ActiveCfg = Debug|x64
		{41FC6389-20AC-4C10-9F59-1A8636605EC6}.Debug|x64.Build.0 = Debug|x64
		{41FC6389-20AC-4C10-9F59-1A8636605EC6}.Release|Any CPU.ActiveCfg = Release|x64
		{41FC6389-20AC-4C10-9F59-1A8636605EC6}.Release|Any CPU.Build.0 = Release|x64
		{41FC6389-20AC-4C10-9F59-1A8636605EC6}.Release|x64.ActiveCfg = Release|x64
		{41FC6389-20AC-4C10-9F59-1A8636605EC6}.Release|x64.Build.0 = Release|x64
		{0E6C5157-25E4-49E2-ADDC-BCE881416651}.Debug|Any CPU.ActiveCfg = Debug|x64
		{0E6C5157-25E4-49E2-ADDC-BCE881416651}.Debug|Any CPU.Build.0 = Debug|x64
		{0E6C5157-25E4-49E2-ADDC-BCE881416651}.Debug|x64.ActiveCfg = Debug|x64
		{0E6C5157-25E4-49E2-ADDC-BCE881416651}.Debug|x64.Build.0 = Debug|x64
		{0E6C5157-25E4-49E2-ADDC-BCE881416651}.Release|Any CPU.ActiveCfg = Release|x64
		{0E6C5157-25E4-49E2-ADDC-BCE881416651}.Release|Any CPU.Build.0 = Release|x64
		{0E6C5157-25E4-49E2-ADDC-BCE881416651}.Release|x64.ActiveCfg = Release|x64
		{0E6C5157-25E4-49E2-ADDC-BCE881416651}.Release|x64.Build.0 = Release|x64
		{1A72A372-4493-40C5-91FF-CE49FC367FFA}.Debug|Any CPU.ActiveCfg = Debug|x64
		{1A72A372-4493-40C5-91FF-CE49FC367FFA}.Debug|Any CPU.Build.0 = Debug|x64
		{1A72A372-4493-40C5-91FF-CE49FC367FFA}.Debug|x64.ActiveCfg = Debug|x64
		{1A72A372-4493-40C5-91FF-CE49FC367FFA}.Debug|x64.Build.0 = Debug|x64
		{1A72A372-4493-40C5-91FF-CE49FC367FFA}.Release|Any CPU.ActiveCfg = Release|x64
		{1A72A372-4493-40C5-91FF-CE49FC367FFA}.Release|Any CPU.Build.0 = Release|x64
		{1A72A372-4493-40C5-91FF-CE49FC367FFA}.Release|x64.ActiveCfg = Release|x64
		{1A72A372-4493-40C5-91FF-CE49FC367FFA}.Release|x64.Build.0 = Release|x64
		{78196985-EE54-411F-822B-5A23EDF80642}.Debug|Any CPU.ActiveCfg = Debug|x64
		{78196985-EE54-411F-822B-5A23EDF80642}.Debug|Any CPU.Build.0 = Debug|x64
		{78196985-EE54-411F-822B-5A23EDF80642}.Debug|x64.ActiveCfg = Debug|x64
		{78196985-EE54-411F-822B-5A23EDF80642}.Debug|x64.Build.0 = Debug|x64
		{78196985-EE54-411F-822B-5A23EDF80642}.Release|Any CPU.ActiveCfg = Release|x64
		{78196985-EE54-411F-822B-5A23EDF80642}.Release|Any CPU.Build.0 = Release|x64
		{78196985-EE54-411F-822B-5A23EDF80642}.Release|x64.ActiveCfg = Release|x64
		{78196985-EE54-411F-822B-5A23EDF80642}.Release|x64.Build.0 = Release|x64
		{A49FCC5E-541C-456E-B33F-4979B3C7157C}.Debug|Any CPU.ActiveCfg = Debug|x64
		{A49FCC5E-541C-456E-B33F-4979B3C7157C}.Debug|Any CPU.Build.0 = Debug|x64
		{A49FCC5E-541C-456E-B33F-4979B3C7157C}.Debug|x64.ActiveCfg = Debug|x64
		{A49FCC5E-541C-456E-B33F-4979B3C7157C}.Debug|x64.Build.0 = Debug|x64
		{A49FCC5E-541C-456E-B33F-4979B3C7157C}.Release|Any CPU.ActiveCfg = Release|x64
		{A49FCC5E-541C-456E-B33F-4979B3C7157C}.Release|Any CPU.Build.0 = Release|x64
		{A49FCC5E-541C-456E-B33F-4979B3C7157C}.Release|x64.ActiveCfg = Release|x64
		{A49FCC5E-541C-456E-B33F-4979B3C7157C}.Release|x64.Build.0 = Release|x64
		{C9071A95-D624-448D-AD6F-2F844AE5A769}.Debug|Any CPU.ActiveCfg = Debug|x64
		{C9071A95-D624-448D-AD6F-2F844AE5A769}.Debug|Any CPU.Build.0 = Debug|x64
		{C9071A95-D624-448D-AD6F-2F844AE5A769}.Debug|x64.ActiveCfg = Debug|x64
		{C9071A95-D624-448D-AD6F-2F844AE5A769}.Debug|x64.Build.0 = Debug|x64
		{C9071A95-D624-448D-AD6F-2F844AE5A769}.Release|Any CPU.ActiveCfg = Release|x64
		{C9071A95-D624-448D-AD6F-2F844AE5A769}.Release|Any CPU.Build.0 = Release|x64
		{C9071A95-D624-448D-AD6F-2F844AE5A769}.Release|x64.ActiveCfg = Release|x64
		{C9071A95-D624-448D-AD6F-2F844AE5A769}.Release|x64.Build.0 = Release|x64
		{B147B765-BECF-4229-89FA-E82971784E85}.Debug|Any CPU.ActiveCfg = Debug|x64
		{B147B765-BECF-4229-89FA-E82971784E85}.Debug|Any CPU.Build.0 = Debug|x64
		{B147B765-BECF-4229-89FA-E82971784E85}.Debug|x64.ActiveCfg = Debug|x64
		{B147B765-BECF-4229-89FA-E82971784E85}.Debug|x64.Build.0 = Debug|x64
		{B147B765-BECF-4229-89FA-E82971784E85}.Release|Any CPU.ActiveCfg = Release|x64
		{B147B765-BECF-4229-89FA-E82971784E85}.Release|Any CPU.Build.0 = Release|x64
		{B147B765-BECF-4229-89FA-E82971784E85}.Release|x64.ActiveCfg = Release|x64
		{B147B765-BECF-4229-89FA-E82971784E85}.Release|x64.Build.0 = Release|x64
		{65613648-C5B7-4AD1-9FA2-6816C54239E9}.Debug|Any CPU.ActiveCfg = Debug|x64
		{65613648-C5B7-4AD1-9FA2-6816C54239E9}.Debug|Any CPU.Build.0 = Debug|x64
		{65613648-C5B7-4AD1-9FA2-6816C54239E9}.Debug|x64.ActiveCfg = Debug|x64
		{65613648-C5B7-4AD1-9FA2-6816C54239E9}.Debug|x64.Build.0 = Debug|x64
		{65613648-C5B7-4AD1-9FA2-6816C54239E9}.Release|Any CPU.ActiveCfg = Release|x64
		{65613648-C5B7-4AD1-9FA2-6816C54239E9}.Release|Any CPU.Build.0 = Release|x64
		{65613648-C5B7-4AD1-9FA2-6816C54239E9}.Release|x64.ActiveCfg = Release|x64
		{65613648-C5B7-4AD1-9FA2-6816C54239E9}.Release|x64.Build.0 = Release|x64
		{1FC1038C-8DC8-46E7-A2D4-BCA4F74EF0B4}.Debug|Any CPU.ActiveCfg = Debug|x64
		{1FC1038C-8DC8-46E7-A2D4-BCA4F74EF0B4}.Debug|Any CPU.Build.0 = Debug|x64
		{1FC1038C-8DC8-46E7-A2D4-BCA4F74EF0B4}.Debug|x64.ActiveCfg = Debug|x64
		{1FC1038C-8DC8-46E7-A2D4-BCA4F74EF0B4}.Debug|x64.Build.0 = Debug|x64
		{1FC1038C-8DC8-46E7-A2D4-BCA4F74EF0B4}.Release|Any CPU.ActiveCfg = Release|x64
		{1FC1038C-8DC8-46E7-A2D4-BCA4F74EF0B4}.Release|Any CPU.Build.0 = Release|x64
		{1FC1038C-8DC8-46E7-A2D4-BCA4F74EF0B4}.Release|x64.ActiveCfg = Release|x64
		{1FC1038C-8DC8-46E7-A2D4-BCA4F74EF0B4}.Release|x64.Build.0 = Release|x64
		{501E57D8-CFB0-4F4B-AFA5-D81ED31C7C92}.Debug|Any CPU.ActiveCfg = Debug|Any CPU
		{501E57D8-CFB0-4F4B-AFA5-D81ED31C7C92}.Debug|Any CPU.Build.0 = Debug|Any CPU
		{501E57D8-CFB0-4F4B-AFA5-D81ED31C7C92}.Debug|x64.ActiveCfg = Debug|Any CPU
		{501E57D8-CFB0-4F4B-AFA5-D81ED31C7C92}.Debug|x64.Build.0 = Debug|Any CPU
		{501E57D8-CFB0-4F4B-AFA5-D81ED31C7C92}.Release|Any CPU.ActiveCfg = Release|Any CPU
		{501E57D8-CFB0-4F4B-AFA5-D81ED31C7C92}.Release|Any CPU.Build.0 = Release|Any CPU
		{501E57D8-CFB0-4F4B-AFA5-D81ED31C7C92}.Release|x64.ActiveCfg = Release|Any CPU
		{501E57D8-CFB0-4F4B-AFA5-D81ED31C7C92}.Release|x64.Build.0 = Release|Any CPU
		{934AF3B8-E8E9-4F06-92F4-E07213A606BF}.Debug|Any CPU.ActiveCfg = Debug|x64
		{934AF3B8-E8E9-4F06-92F4-E07213A606BF}.Debug|Any CPU.Build.0 = Debug|x64
		{934AF3B8-E8E9-4F06-92F4-E07213A606BF}.Debug|x64.ActiveCfg = Debug|x64
		{934AF3B8-E8E9-4F06-92F4-E07213A606BF}.Debug|x64.Build.0 = Debug|x64
		{934AF3B8-E8E9-4F06-92F4-E07213A606BF}.Release|Any CPU.ActiveCfg = Release|x64
		{934AF3B8-E8E9-4F06-92F4-E07213A606BF}.Release|Any CPU.Build.0 = Release|x64
		{934AF3B8-E8E9-4F06-92F4-E07213A606BF}.Release|x64.ActiveCfg = Release|x64
		{934AF3B8-E8E9-4F06-92F4-E07213A606BF}.Release|x64.Build.0 = Release|x64
		{F4550663-C436-487A-9F3E-1F5EB7E74C6C}.Debug|Any CPU.ActiveCfg = Debug|x64
		{F4550663-C436-487A-9F3E-1F5EB7E74C6C}.Debug|Any CPU.Build.0 = Debug|x64
		{F4550663-C436-487A-9F3E-1F5EB7E74C6C}.Debug|x64.ActiveCfg = Debug|x64
		{F4550663-C436-487A-9F3E-1F5EB7E74C6C}.Debug|x64.Build.0 = Debug|x64
		{F4550663-C436-487A-9F3E-1F5EB7E74C6C}.Release|Any CPU.ActiveCfg = Release|x64
		{F4550663-C436-487A-9F3E-1F5EB7E74C6C}.Release|Any CPU.Build.0 = Release|x64
		{F4550663-C436-487A-9F3E-1F5EB7E74C6C}.Release|x64.ActiveCfg = Release|x64
		{F4550663-C436-487A-9F3E-1F5EB7E74C6C}.Release|x64.Build.0 = Release|x64
		{FF7314AB-B108-4109-943B-360992173850}.Debug|Any CPU.ActiveCfg = Debug|x64
		{FF7314AB-B108-4109-943B-360992173850}.Debug|Any CPU.Build.0 = Debug|x64
		{FF7314AB-B108-4109-943B-360992173850}.Debug|x64.ActiveCfg = Debug|x64
		{FF7314AB-B108-4109-943B-360992173850}.Debug|x64.Build.0 = Debug|x64
		{FF7314AB-B108-4109-943B-360992173850}.Release|Any CPU.ActiveCfg = Release|x64
		{FF7314AB-B108-4109-943B-360992173850}.Release|Any CPU.Build.0 = Release|x64
		{FF7314AB-B108-4109-943B-360992173850}.Release|x64.ActiveCfg = Release|x64
		{FF7314AB-B108-4109-943B-360992173850}.Release|x64.Build.0 = Release|x64
		{BF5A2E9C-6AF8-48A4-A7CC-7E20A09CF22F}.Debug|Any CPU.ActiveCfg = Debug|x64
		{BF5A2E9C-6AF8-48A4-A7CC-7E20A09CF22F}.Debug|Any CPU.Build.0 = Debug|x64
		{BF5A2E9C-6AF8-48A4-A7CC-7E20A09CF22F}.Debug|x64.ActiveCfg = Debug|x64
		{BF5A2E9C-6AF8-48A4-A7CC-7E20A09CF22F}.Debug|x64.Build.0 = Debug|x64
		{BF5A2E9C-6AF8-48A4-A7CC-7E20A09CF22F}.Release|Any CPU.ActiveCfg = Release|x64
		{BF5A2E9C-6AF8-48A4-A7CC-7E20A09CF22F}.Release|Any CPU.Build.0 = Release|x64
		{BF5A2E9C-6AF8-48A4-A7CC-7E20A09CF22F}.Release|x64.ActiveCfg = Release|x64
		{BF5A2E9C-6AF8-48A4-A7CC-7E20A09CF22F}.Release|x64.Build.0 = Release|x64
		{447B087C-B1E7-4558-9546-E036632440DE}.Debug|Any CPU.ActiveCfg = Debug|x64
		{447B087C-B1E7-4558-9546-E036632440DE}.Debug|Any CPU.Build.0 = Debug|x64
		{447B087C-B1E7-4558-9546-E036632440DE}.Debug|x64.ActiveCfg = Debug|x64
		{447B087C-B1E7-4558-9546-E036632440DE}.Debug|x64.Build.0 = Debug|x64
		{447B087C-B1E7-4558-9546-E036632440DE}.Release|Any CPU.ActiveCfg = Release|x64
		{447B087C-B1E7-4558-9546-E036632440DE}.Release|Any CPU.Build.0 = Release|x64
		{447B087C-B1E7-4558-9546-E036632440DE}.Release|x64.ActiveCfg = Release|x64
		{447B087C-B1E7-4558-9546-E036632440DE}.Release|x64.Build.0 = Release|x64
		{D5F0CFEF-757F-4082-9A09-7EBF301A65D4}.Debug|Any CPU.ActiveCfg = Debug|x64
		{D5F0CFEF-757F-4082-9A09-7EBF301A65D4}.Debug|Any CPU.Build.0 = Debug|x64
		{D5F0CFEF-757F-4082-9A09-7EBF301A65D4}.Debug|x64.ActiveCfg = Debug|x64
		{D5F0CFEF-757F-4082-9A09-7EBF301A65D4}.Debug|x64.Build.0 = Debug|x64
		{D5F0CFEF-757F-4082-9A09-7EBF301A65D4}.Release|Any CPU.ActiveCfg = Release|x64
		{D5F0CFEF-757F-4082-9A09-7EBF301A65D4}.Release|Any CPU.Build.0 = Release|x64
		{D5F0CFEF-757F-4082-9A09-7EBF301A65D4}.Release|x64.ActiveCfg = Release|x64
		{D5F0CFEF-757F-4082-9A09-7EBF301A65D4}.Release|x64.Build.0 = Release|x64
		{C4EA4895-C3D1-471B-B1ED-FF019FCCBDA7}.Debug|Any CPU.ActiveCfg = Debug|x64
		{C4EA4895-C3D1-471B-B1ED-FF019FCCBDA7}.Debug|Any CPU.Build.0 = Debug|x64
		{C4EA4895-C3D1-471B-B1ED-FF019FCCBDA7}.Debug|x64.ActiveCfg = Debug|x64
		{C4EA4895-C3D1-471B-B1ED-FF019FCCBDA7}.Debug|x64.Build.0 = Debug|x64
		{C4EA4895-C3D1-471B-B1ED-FF019FCCBDA7}.Release|Any CPU.ActiveCfg = Release|x64
		{C4EA4895-C3D1-471B-B1ED-FF019FCCBDA7}.Release|Any CPU.Build.0 = Release|x64
		{C4EA4895-C3D1-471B-B1ED-FF019FCCBDA7}.Release|x64.ActiveCfg = Release|x64
		{C4EA4895-C3D1-471B-B1ED-FF019FCCBDA7}.Release|x64.Build.0 = Release|x64
		{8788DD89-F75B-4C7C-AFD6-E93532253076}.Debug|Any CPU.ActiveCfg = Debug|Any CPU
		{8788DD89-F75B-4C7C-AFD6-E93532253076}.Debug|Any CPU.Build.0 = Debug|Any CPU
		{8788DD89-F75B-4C7C-AFD6-E93532253076}.Debug|x64.ActiveCfg = Debug|x64
		{8788DD89-F75B-4C7C-AFD6-E93532253076}.Debug|x64.Build.0 = Debug|x64
		{8788DD89-F75B-4C7C-AFD6-E93532253076}.Release|Any CPU.ActiveCfg = Release|Any CPU
		{8788DD89-F75B-4C7C-AFD6-E93532253076}.Release|Any CPU.Build.0 = Release|Any CPU
		{8788DD89-F75B-4C7C-AFD6-E93532253076}.Release|x64.ActiveCfg = Release|Any CPU
		{8788DD89-F75B-4C7C-AFD6-E93532253076}.Release|x64.Build.0 = Release|Any CPU
		{922F9EC4-5D63-4C73-9DC3-D02DCEEB0AF8}.Debug|Any CPU.ActiveCfg = Debug|Any CPU
		{922F9EC4-5D63-4C73-9DC3-D02DCEEB0AF8}.Debug|Any CPU.Build.0 = Debug|Any CPU
		{922F9EC4-5D63-4C73-9DC3-D02DCEEB0AF8}.Debug|x64.ActiveCfg = Debug|Any CPU
		{922F9EC4-5D63-4C73-9DC3-D02DCEEB0AF8}.Debug|x64.Build.0 = Debug|Any CPU
		{922F9EC4-5D63-4C73-9DC3-D02DCEEB0AF8}.Release|Any CPU.ActiveCfg = Release|Any CPU
		{922F9EC4-5D63-4C73-9DC3-D02DCEEB0AF8}.Release|Any CPU.Build.0 = Release|Any CPU
		{922F9EC4-5D63-4C73-9DC3-D02DCEEB0AF8}.Release|x64.ActiveCfg = Release|Any CPU
		{922F9EC4-5D63-4C73-9DC3-D02DCEEB0AF8}.Release|x64.Build.0 = Release|Any CPU
		{3F01903E-9FA4-4E70-5489-2D5F1491544B}.Debug|Any CPU.ActiveCfg = Debug|x64
		{3F01903E-9FA4-4E70-5489-2D5F1491544B}.Debug|Any CPU.Build.0 = Debug|x64
		{3F01903E-9FA4-4E70-5489-2D5F1491544B}.Debug|x64.ActiveCfg = Debug|x64
		{3F01903E-9FA4-4E70-5489-2D5F1491544B}.Debug|x64.Build.0 = Debug|x64
		{3F01903E-9FA4-4E70-5489-2D5F1491544B}.Release|Any CPU.ActiveCfg = Release|x64
		{3F01903E-9FA4-4E70-5489-2D5F1491544B}.Release|Any CPU.Build.0 = Release|x64
		{3F01903E-9FA4-4E70-5489-2D5F1491544B}.Release|x64.ActiveCfg = Release|x64
		{3F01903E-9FA4-4E70-5489-2D5F1491544B}.Release|x64.Build.0 = Release|x64
		{B7D862D7-DAD6-CB4A-F327-EE515097FC5E}.Debug|Any CPU.ActiveCfg = Debug|x64
		{B7D862D7-DAD6-CB4A-F327-EE515097FC5E}.Debug|Any CPU.Build.0 = Debug|x64
		{B7D862D7-DAD6-CB4A-F327-EE515097FC5E}.Debug|x64.ActiveCfg = Debug|x64
		{B7D862D7-DAD6-CB4A-F327-EE515097FC5E}.Debug|x64.Build.0 = Debug|x64
		{B7D862D7-DAD6-CB4A-F327-EE515097FC5E}.Release|Any CPU.ActiveCfg = Release|x64
		{B7D862D7-DAD6-CB4A-F327-EE515097FC5E}.Release|Any CPU.Build.0 = Release|x64
		{B7D862D7-DAD6-CB4A-F327-EE515097FC5E}.Release|x64.ActiveCfg = Release|x64
		{B7D862D7-DAD6-CB4A-F327-EE515097FC5E}.Release|x64.Build.0 = Release|x64
		{F4A6045D-CF77-115D-332A-6526E753BE72}.Debug|Any CPU.ActiveCfg = Debug|x64
		{F4A6045D-CF77-115D-332A-6526E753BE72}.Debug|Any CPU.Build.0 = Debug|x64
		{F4A6045D-CF77-115D-332A-6526E753BE72}.Debug|x64.ActiveCfg = Debug|x64
		{F4A6045D-CF77-115D-332A-6526E753BE72}.Debug|x64.Build.0 = Debug|x64
		{F4A6045D-CF77-115D-332A-6526E753BE72}.Release|Any CPU.ActiveCfg = Release|x64
		{F4A6045D-CF77-115D-332A-6526E753BE72}.Release|Any CPU.Build.0 = Release|x64
		{F4A6045D-CF77-115D-332A-6526E753BE72}.Release|x64.ActiveCfg = Release|x64
		{F4A6045D-CF77-115D-332A-6526E753BE72}.Release|x64.Build.0 = Release|x64
		{F62C1640-677A-7829-3704-D7659AC74D3E}.Debug|Any CPU.ActiveCfg = Debug|x64
		{F62C1640-677A-7829-3704-D7659AC74D3E}.Debug|Any CPU.Build.0 = Debug|x64
		{F62C1640-677A-7829-3704-D7659AC74D3E}.Debug|x64.ActiveCfg = Debug|x64
		{F62C1640-677A-7829-3704-D7659AC74D3E}.Debug|x64.Build.0 = Debug|x64
		{F62C1640-677A-7829-3704-D7659AC74D3E}.Release|Any CPU.ActiveCfg = Release|x64
		{F62C1640-677A-7829-3704-D7659AC74D3E}.Release|Any CPU.Build.0 = Release|x64
		{F62C1640-677A-7829-3704-D7659AC74D3E}.Release|x64.ActiveCfg = Release|x64
		{F62C1640-677A-7829-3704-D7659AC74D3E}.Release|x64.Build.0 = Release|x64
		{9F683FB9-7BA7-295A-CCC7-8EA49694AEF3}.Debug|Any CPU.ActiveCfg = Debug|Any CPU
		{9F683FB9-7BA7-295A-CCC7-8EA49694AEF3}.Debug|Any CPU.Build.0 = Debug|Any CPU
		{9F683FB9-7BA7-295A-CCC7-8EA49694AEF3}.Debug|x64.ActiveCfg = Debug|Any CPU
		{9F683FB9-7BA7-295A-CCC7-8EA49694AEF3}.Debug|x64.Build.0 = Debug|Any CPU
		{9F683FB9-7BA7-295A-CCC7-8EA49694AEF3}.Release|Any CPU.ActiveCfg = Release|Any CPU
		{9F683FB9-7BA7-295A-CCC7-8EA49694AEF3}.Release|Any CPU.Build.0 = Release|Any CPU
		{9F683FB9-7BA7-295A-CCC7-8EA49694AEF3}.Release|x64.ActiveCfg = Release|Any CPU
		{9F683FB9-7BA7-295A-CCC7-8EA49694AEF3}.Release|x64.Build.0 = Release|Any CPU
		{EE1989FE-64FF-C846-5935-AC8309FEB8A6}.Debug|Any CPU.ActiveCfg = Debug|x64
		{EE1989FE-64FF-C846-5935-AC8309FEB8A6}.Debug|Any CPU.Build.0 = Debug|x64
		{EE1989FE-64FF-C846-5935-AC8309FEB8A6}.Debug|x64.ActiveCfg = Debug|x64
		{EE1989FE-64FF-C846-5935-AC8309FEB8A6}.Debug|x64.Build.0 = Debug|x64
		{EE1989FE-64FF-C846-5935-AC8309FEB8A6}.Release|Any CPU.ActiveCfg = Release|x64
		{EE1989FE-64FF-C846-5935-AC8309FEB8A6}.Release|Any CPU.Build.0 = Release|x64
		{EE1989FE-64FF-C846-5935-AC8309FEB8A6}.Release|x64.ActiveCfg = Release|x64
		{EE1989FE-64FF-C846-5935-AC8309FEB8A6}.Release|x64.Build.0 = Release|x64
		{E5ECA787-FCA9-7090-949D-C06AFB76CFFA}.Debug|Any CPU.ActiveCfg = Debug|x64
		{E5ECA787-FCA9-7090-949D-C06AFB76CFFA}.Debug|Any CPU.Build.0 = Debug|x64
		{E5ECA787-FCA9-7090-949D-C06AFB76CFFA}.Debug|x64.ActiveCfg = Debug|x64
		{E5ECA787-FCA9-7090-949D-C06AFB76CFFA}.Debug|x64.Build.0 = Debug|x64
		{E5ECA787-FCA9-7090-949D-C06AFB76CFFA}.Release|Any CPU.ActiveCfg = Release|x64
		{E5ECA787-FCA9-7090-949D-C06AFB76CFFA}.Release|Any CPU.Build.0 = Release|x64
		{E5ECA787-FCA9-7090-949D-C06AFB76CFFA}.Release|x64.ActiveCfg = Release|x64
		{E5ECA787-FCA9-7090-949D-C06AFB76CFFA}.Release|x64.Build.0 = Release|x64
		{8187324B-9B58-DA34-07EF-6E16C311105B}.Debug|Any CPU.ActiveCfg = Debug|x64
		{8187324B-9B58-DA34-07EF-6E16C311105B}.Debug|Any CPU.Build.0 = Debug|x64
		{8187324B-9B58-DA34-07EF-6E16C311105B}.Debug|x64.ActiveCfg = Debug|x64
		{8187324B-9B58-DA34-07EF-6E16C311105B}.Debug|x64.Build.0 = Debug|x64
		{8187324B-9B58-DA34-07EF-6E16C311105B}.Release|Any CPU.ActiveCfg = Release|x64
		{8187324B-9B58-DA34-07EF-6E16C311105B}.Release|Any CPU.Build.0 = Release|x64
		{8187324B-9B58-DA34-07EF-6E16C311105B}.Release|x64.ActiveCfg = Release|x64
		{8187324B-9B58-DA34-07EF-6E16C311105B}.Release|x64.Build.0 = Release|x64
		{A8FAF2AF-D928-42FA-8486-031F9717346A}.Debug|Any CPU.ActiveCfg = Debug|Any CPU
		{A8FAF2AF-D928-42FA-8486-031F9717346A}.Debug|Any CPU.Build.0 = Debug|Any CPU
		{A8FAF2AF-D928-42FA-8486-031F9717346A}.Debug|x64.ActiveCfg = Debug|Any CPU
		{A8FAF2AF-D928-42FA-8486-031F9717346A}.Debug|x64.Build.0 = Debug|Any CPU
		{A8FAF2AF-D928-42FA-8486-031F9717346A}.Release|Any CPU.ActiveCfg = Release|Any CPU
		{A8FAF2AF-D928-42FA-8486-031F9717346A}.Release|Any CPU.Build.0 = Release|Any CPU
		{A8FAF2AF-D928-42FA-8486-031F9717346A}.Release|x64.ActiveCfg = Release|Any CPU
		{A8FAF2AF-D928-42FA-8486-031F9717346A}.Release|x64.Build.0 = Release|Any CPU
		{C8281CEC-BDC0-7A41-0318-3E850F34EA15}.Debug|Any CPU.ActiveCfg = Debug|x64
		{C8281CEC-BDC0-7A41-0318-3E850F34EA15}.Debug|Any CPU.Build.0 = Debug|x64
		{C8281CEC-BDC0-7A41-0318-3E850F34EA15}.Debug|x64.ActiveCfg = Debug|x64
		{C8281CEC-BDC0-7A41-0318-3E850F34EA15}.Debug|x64.Build.0 = Debug|x64
		{C8281CEC-BDC0-7A41-0318-3E850F34EA15}.Release|Any CPU.ActiveCfg = Release|x64
		{C8281CEC-BDC0-7A41-0318-3E850F34EA15}.Release|Any CPU.Build.0 = Release|x64
		{C8281CEC-BDC0-7A41-0318-3E850F34EA15}.Release|x64.ActiveCfg = Release|x64
		{C8281CEC-BDC0-7A41-0318-3E850F34EA15}.Release|x64.Build.0 = Release|x64
		{9ED60EC1-37E4-4DA5-B071-D24B92A93A0F}.Debug|Any CPU.ActiveCfg = Debug|Any CPU
		{9ED60EC1-37E4-4DA5-B071-D24B92A93A0F}.Debug|Any CPU.Build.0 = Debug|Any CPU
		{9ED60EC1-37E4-4DA5-B071-D24B92A93A0F}.Debug|x64.ActiveCfg = Debug|Any CPU
		{9ED60EC1-37E4-4DA5-B071-D24B92A93A0F}.Debug|x64.Build.0 = Debug|Any CPU
		{9ED60EC1-37E4-4DA5-B071-D24B92A93A0F}.Release|Any CPU.ActiveCfg = Release|Any CPU
		{9ED60EC1-37E4-4DA5-B071-D24B92A93A0F}.Release|Any CPU.Build.0 = Release|Any CPU
		{9ED60EC1-37E4-4DA5-B071-D24B92A93A0F}.Release|x64.ActiveCfg = Release|Any CPU
		{9ED60EC1-37E4-4DA5-B071-D24B92A93A0F}.Release|x64.Build.0 = Release|Any CPU
		{5EA04E1C-6969-17B4-6486-F701FCB48871}.Debug|Any CPU.ActiveCfg = Debug|x64
		{5EA04E1C-6969-17B4-6486-F701FCB48871}.Debug|Any CPU.Build.0 = Debug|x64
		{5EA04E1C-6969-17B4-6486-F701FCB48871}.Debug|x64.ActiveCfg = Debug|x64
		{5EA04E1C-6969-17B4-6486-F701FCB48871}.Debug|x64.Build.0 = Debug|x64
		{5EA04E1C-6969-17B4-6486-F701FCB48871}.Release|Any CPU.ActiveCfg = Release|x64
		{5EA04E1C-6969-17B4-6486-F701FCB48871}.Release|Any CPU.Build.0 = Release|x64
		{5EA04E1C-6969-17B4-6486-F701FCB48871}.Release|x64.ActiveCfg = Release|x64
		{5EA04E1C-6969-17B4-6486-F701FCB48871}.Release|x64.Build.0 = Release|x64
		{BC9916AF-E89D-7754-EEE3-D6B3612FD941}.Debug|Any CPU.ActiveCfg = Debug|x64
		{BC9916AF-E89D-7754-EEE3-D6B3612FD941}.Debug|Any CPU.Build.0 = Debug|x64
		{BC9916AF-E89D-7754-EEE3-D6B3612FD941}.Debug|x64.ActiveCfg = Debug|x64
		{BC9916AF-E89D-7754-EEE3-D6B3612FD941}.Debug|x64.Build.0 = Debug|x64
		{BC9916AF-E89D-7754-EEE3-D6B3612FD941}.Release|Any CPU.ActiveCfg = Release|x64
		{BC9916AF-E89D-7754-EEE3-D6B3612FD941}.Release|Any CPU.Build.0 = Release|x64
		{BC9916AF-E89D-7754-EEE3-D6B3612FD941}.Release|x64.ActiveCfg = Release|x64
		{BC9916AF-E89D-7754-EEE3-D6B3612FD941}.Release|x64.Build.0 = Release|x64
		{6E209DF9-0B78-CF84-B801-5DC93AF4B1AA}.Debug|Any CPU.ActiveCfg = Debug|x64
		{6E209DF9-0B78-CF84-B801-5DC93AF4B1AA}.Debug|Any CPU.Build.0 = Debug|x64
		{6E209DF9-0B78-CF84-B801-5DC93AF4B1AA}.Debug|x64.ActiveCfg = Debug|x64
		{6E209DF9-0B78-CF84-B801-5DC93AF4B1AA}.Debug|x64.Build.0 = Debug|x64
		{6E209DF9-0B78-CF84-B801-5DC93AF4B1AA}.Release|Any CPU.ActiveCfg = Release|x64
		{6E209DF9-0B78-CF84-B801-5DC93AF4B1AA}.Release|Any CPU.Build.0 = Release|x64
		{6E209DF9-0B78-CF84-B801-5DC93AF4B1AA}.Release|x64.ActiveCfg = Release|x64
		{6E209DF9-0B78-CF84-B801-5DC93AF4B1AA}.Release|x64.Build.0 = Release|x64
		{BCEAC9A5-554E-82C9-C37A-8019B3056D8E}.Debug|Any CPU.ActiveCfg = Debug|x64
		{BCEAC9A5-554E-82C9-C37A-8019B3056D8E}.Debug|Any CPU.Build.0 = Debug|x64
		{BCEAC9A5-554E-82C9-C37A-8019B3056D8E}.Debug|x64.ActiveCfg = Debug|x64
		{BCEAC9A5-554E-82C9-C37A-8019B3056D8E}.Debug|x64.Build.0 = Debug|x64
		{BCEAC9A5-554E-82C9-C37A-8019B3056D8E}.Release|Any CPU.ActiveCfg = Release|x64
		{BCEAC9A5-554E-82C9-C37A-8019B3056D8E}.Release|Any CPU.Build.0 = Release|x64
		{BCEAC9A5-554E-82C9-C37A-8019B3056D8E}.Release|x64.ActiveCfg = Release|x64
		{BCEAC9A5-554E-82C9-C37A-8019B3056D8E}.Release|x64.Build.0 = Release|x64
		{C757C87C-B73B-B411-E959-E93B8FB3B51D}.Debug|Any CPU.ActiveCfg = Debug|x64
		{C757C87C-B73B-B411-E959-E93B8FB3B51D}.Debug|Any CPU.Build.0 = Debug|x64
		{C757C87C-B73B-B411-E959-E93B8FB3B51D}.Debug|x64.ActiveCfg = Debug|x64
		{C757C87C-B73B-B411-E959-E93B8FB3B51D}.Debug|x64.Build.0 = Debug|x64
		{C757C87C-B73B-B411-E959-E93B8FB3B51D}.Release|Any CPU.ActiveCfg = Release|x64
		{C757C87C-B73B-B411-E959-E93B8FB3B51D}.Release|Any CPU.Build.0 = Release|x64
		{C757C87C-B73B-B411-E959-E93B8FB3B51D}.Release|x64.ActiveCfg = Release|x64
		{C757C87C-B73B-B411-E959-E93B8FB3B51D}.Release|x64.Build.0 = Release|x64
	EndGlobalSection
	GlobalSection(SolutionProperties) = preSolution
		HideSolutionNode = FALSE
	EndGlobalSection
	GlobalSection(NestedProjects) = preSolution
		{430B0D63-A8CC-4EEF-994A-60FA86DCE9DB} = {D2F89990-8127-4341-A73F-9B035978187A}
		{2C61059D-89A4-4399-8C17-63CE05919D55} = {D2F89990-8127-4341-A73F-9B035978187A}
		{269CB1E3-8731-4D2F-9608-4D43732F50E4} = {D2F89990-8127-4341-A73F-9B035978187A}
		{50043A13-FCB1-43E6-A15B-6457FD2FD855} = {6E0AB730-7080-4E97-865C-A21250A4567F}
		{FC200E98-DC12-4276-A7CD-588CD9E638A7} = {B7EE8A14-5695-41E9-B67E-ACFFC30E971B}
		{06E3CFB7-294B-45E6-B747-4BC3CE89A2BE} = {D2F89990-8127-4341-A73F-9B035978187A}
		{72AB3686-6CA5-4581-914B-2940A518397D} = {D2F89990-8127-4341-A73F-9B035978187A}
		{2D79B73E-DCFB-42FF-9B58-27CA4F17DBFC} = {D2F89990-8127-4341-A73F-9B035978187A}
		{E02B63DD-1582-4E1E-A9A6-24C2E676E8F0} = {D2F89990-8127-4341-A73F-9B035978187A}
		{41FC6389-20AC-4C10-9F59-1A8636605EC6} = {D2F89990-8127-4341-A73F-9B035978187A}
		{0E6C5157-25E4-49E2-ADDC-BCE881416651} = {6E0AB730-7080-4E97-865C-A21250A4567F}
		{DF8FE09D-E1FD-4BC9-B1F9-E20366CA06C1} = {D2F89990-8127-4341-A73F-9B035978187A}
		{1A72A372-4493-40C5-91FF-CE49FC367FFA} = {D2F89990-8127-4341-A73F-9B035978187A}
		{78196985-EE54-411F-822B-5A23EDF80642} = {B7EE8A14-5695-41E9-B67E-ACFFC30E971B}
		{A49FCC5E-541C-456E-B33F-4979B3C7157C} = {D2F89990-8127-4341-A73F-9B035978187A}
		{C9071A95-D624-448D-AD6F-2F844AE5A769} = {D2F89990-8127-4341-A73F-9B035978187A}
		{B147B765-BECF-4229-89FA-E82971784E85} = {D2F89990-8127-4341-A73F-9B035978187A}
		{B28D807F-13DB-4BEB-8CB9-62F71B0E5A36} = {DF8FE09D-E1FD-4BC9-B1F9-E20366CA06C1}
		{64BC8755-826A-4608-8729-9FB9E2DC16BC} = {B28D807F-13DB-4BEB-8CB9-62F71B0E5A36}
		{9100B002-C65B-4C2F-BE66-56913FB65E7A} = {B28D807F-13DB-4BEB-8CB9-62F71B0E5A36}
		{FE0BD672-6853-4E38-B553-80C84C992E15} = {B28D807F-13DB-4BEB-8CB9-62F71B0E5A36}
		{EB4DADF8-6E6E-4FE0-B0DF-793E74A2FFD0} = {B28D807F-13DB-4BEB-8CB9-62F71B0E5A36}
		{65613648-C5B7-4AD1-9FA2-6816C54239E9} = {D2F89990-8127-4341-A73F-9B035978187A}
		{1FC1038C-8DC8-46E7-A2D4-BCA4F74EF0B4} = {D2F89990-8127-4341-A73F-9B035978187A}
		{2F15214A-C326-43F2-B84A-6F19AD7E9D84} = {DF8FE09D-E1FD-4BC9-B1F9-E20366CA06C1}
		{501E57D8-CFB0-4F4B-AFA5-D81ED31C7C92} = {6E0AB730-7080-4E97-865C-A21250A4567F}
		{934AF3B8-E8E9-4F06-92F4-E07213A606BF} = {D2F89990-8127-4341-A73F-9B035978187A}
		{F4550663-C436-487A-9F3E-1F5EB7E74C6C} = {D2F89990-8127-4341-A73F-9B035978187A}
		{FF7314AB-B108-4109-943B-360992173850} = {D2F89990-8127-4341-A73F-9B035978187A}
		{BF5A2E9C-6AF8-48A4-A7CC-7E20A09CF22F} = {D2F89990-8127-4341-A73F-9B035978187A}
		{447B087C-B1E7-4558-9546-E036632440DE} = {D2F89990-8127-4341-A73F-9B035978187A}
		{D5F0CFEF-757F-4082-9A09-7EBF301A65D4} = {6E0AB730-7080-4E97-865C-A21250A4567F}
		{C4EA4895-C3D1-471B-B1ED-FF019FCCBDA7} = {D2F89990-8127-4341-A73F-9B035978187A}
		{8788DD89-F75B-4C7C-AFD6-E93532253076} = {6E0AB730-7080-4E97-865C-A21250A4567F}
		{922F9EC4-5D63-4C73-9DC3-D02DCEEB0AF8} = {D2F89990-8127-4341-A73F-9B035978187A}
		{3F01903E-9FA4-4E70-5489-2D5F1491544B} = {D2F89990-8127-4341-A73F-9B035978187A}
		{B7D862D7-DAD6-CB4A-F327-EE515097FC5E} = {D2F89990-8127-4341-A73F-9B035978187A}
		{F4A6045D-CF77-115D-332A-6526E753BE72} = {6E0AB730-7080-4E97-865C-A21250A4567F}
		{F62C1640-677A-7829-3704-D7659AC74D3E} = {D2F89990-8127-4341-A73F-9B035978187A}
		{9F683FB9-7BA7-295A-CCC7-8EA49694AEF3} = {B7EE8A14-5695-41E9-B67E-ACFFC30E971B}
		{EE1989FE-64FF-C846-5935-AC8309FEB8A6} = {D2F89990-8127-4341-A73F-9B035978187A}
		{E5ECA787-FCA9-7090-949D-C06AFB76CFFA} = {D2F89990-8127-4341-A73F-9B035978187A}
		{8187324B-9B58-DA34-07EF-6E16C311105B} = {D2F89990-8127-4341-A73F-9B035978187A}
		{A8FAF2AF-D928-42FA-8486-031F9717346A} = {D2F89990-8127-4341-A73F-9B035978187A}
		{C8281CEC-BDC0-7A41-0318-3E850F34EA15} = {D2F89990-8127-4341-A73F-9B035978187A}
		{9ED60EC1-37E4-4DA5-B071-D24B92A93A0F} = {D2F89990-8127-4341-A73F-9B035978187A}
		{5EA04E1C-6969-17B4-6486-F701FCB48871} = {D2F89990-8127-4341-A73F-9B035978187A}
		{BC9916AF-E89D-7754-EEE3-D6B3612FD941} = {D2F89990-8127-4341-A73F-9B035978187A}
		{6E209DF9-0B78-CF84-B801-5DC93AF4B1AA} = {D2F89990-8127-4341-A73F-9B035978187A}
		{BCEAC9A5-554E-82C9-C37A-8019B3056D8E} = {6E0AB730-7080-4E97-865C-A21250A4567F}
		{C757C87C-B73B-B411-E959-E93B8FB3B51D} = {D2F89990-8127-4341-A73F-9B035978187A}
	EndGlobalSection
	GlobalSection(ExtensibilityGlobals) = postSolution
		SolutionGuid = {61EF079C-10DE-4452-8C7E-BD9034A760E3}
	EndGlobalSection
EndGlobal
