
Microsoft Visual Studio Solution File, Format Version 12.00
# Visual Studio Version 17
VisualStudioVersion = 17.9.34616.47
MinimumVisualStudioVersion = 10.0.40219.1
Project("{FAE04EC0-301F-11D3-BF4B-00C04F79EFBC}") = "ServerApplication", "ServerApplication.csproj", "{09E9A2E3-2A57-4409-9EA1-64C0DB5F9A46}"
EndProject
Project("{9A19103F-16F7-4668-BE54-9A1E7A4F7556}") = "PipelineServices", "..\..\Components\PipelineServices\PipelineServices.csproj", "{A89B381B-5584-4B26-9EA3-45CE41A2CA73}"
EndProject
Project("{9A19103F-16F7-4668-BE54-9A1E7A4F7556}") = "GlobalHelpers", "..\..\Components\GlobalHelpers\GlobalHelpers.csproj", "{C61D0CDB-F8A8-4D91-A884-5B6369708C29}"
EndProject
Project("{9A19103F-16F7-4668-BE54-9A1E7A4F7556}") = "PsiFormats", "..\..\Components\PsiFormats\PsiFormats.csproj", "{948CE4FD-1C46-4DD9-88C7-A47142B66837}"
EndProject
Global
	GlobalSection(SolutionConfigurationPlatforms) = preSolution
		Debug|Any CPU = Debug|Any CPU
		Debug|x64 = Debug|x64
		Release|Any CPU = Release|Any CPU
		Release|x64 = Release|x64
	EndGlobalSection
	GlobalSection(ProjectConfigurationPlatforms) = postSolution
		{09E9A2E3-2A57-4409-9EA1-64C0DB5F9A46}.Debug|Any CPU.ActiveCfg = Debug|Any CPU
		{09E9A2E3-2A57-4409-9EA1-64C0DB5F9A46}.Debug|Any CPU.Build.0 = Debug|Any CPU
		{09E9A2E3-2A57-4409-9EA1-64C0DB5F9A46}.Debug|x64.ActiveCfg = Debug|x64
		{09E9A2E3-2A57-4409-9EA1-64C0DB5F9A46}.Debug|x64.Build.0 = Debug|x64
		{09E9A2E3-2A57-4409-9EA1-64C0DB5F9A46}.Release|Any CPU.ActiveCfg = Release|Any CPU
		{09E9A2E3-2A57-4409-9EA1-64C0DB5F9A46}.Release|Any CPU.Build.0 = Release|Any CPU
		{09E9A2E3-2A57-4409-9EA1-64C0DB5F9A46}.Release|x64.ActiveCfg = Release|Any CPU
		{09E9A2E3-2A57-4409-9EA1-64C0DB5F9A46}.Release|x64.Build.0 = Release|Any CPU
		{A89B381B-5584-4B26-9EA3-45CE41A2CA73}.Debug|Any CPU.ActiveCfg = Debug|x64
		{A89B381B-5584-4B26-9EA3-45CE41A2CA73}.Debug|Any CPU.Build.0 = Debug|x64
		{A89B381B-5584-4B26-9EA3-45CE41A2CA73}.Debug|x64.ActiveCfg = Debug|x64
		{A89B381B-5584-4B26-9EA3-45CE41A2CA73}.Debug|x64.Build.0 = Debug|x64
		{A89B381B-5584-4B26-9EA3-45CE41A2CA73}.Release|Any CPU.ActiveCfg = Release|x64
		{A89B381B-5584-4B26-9EA3-45CE41A2CA73}.Release|Any CPU.Build.0 = Release|x64
		{A89B381B-5584-4B26-9EA3-45CE41A2CA73}.Release|x64.ActiveCfg = Release|x64
		{A89B381B-5584-4B26-9EA3-45CE41A2CA73}.Release|x64.Build.0 = Release|x64
		{C61D0CDB-F8A8-4D91-A884-5B6369708C29}.Debug|Any CPU.ActiveCfg = Debug|x64
		{C61D0CDB-F8A8-4D91-A884-5B6369708C29}.Debug|Any CPU.Build.0 = Debug|x64
		{C61D0CDB-F8A8-4D91-A884-5B6369708C29}.Debug|x64.ActiveCfg = Debug|x64
		{C61D0CDB-F8A8-4D91-A884-5B6369708C29}.Debug|x64.Build.0 = Debug|x64
		{C61D0CDB-F8A8-4D91-A884-5B6369708C29}.Release|Any CPU.ActiveCfg = Release|x64
		{C61D0CDB-F8A8-4D91-A884-5B6369708C29}.Release|Any CPU.Build.0 = Release|x64
		{C61D0CDB-F8A8-4D91-A884-5B6369708C29}.Release|x64.ActiveCfg = Release|x64
		{C61D0CDB-F8A8-4D91-A884-5B6369708C29}.Release|x64.Build.0 = Release|x64
		{948CE4FD-1C46-4DD9-88C7-A47142B66837}.Debug|Any CPU.ActiveCfg = Debug|Any CPU
		{948CE4FD-1C46-4DD9-88C7-A47142B66837}.Debug|Any CPU.Build.0 = Debug|Any CPU
		{948CE4FD-1C46-4DD9-88C7-A47142B66837}.Debug|x64.ActiveCfg = Debug|x64
		{948CE4FD-1C46-4DD9-88C7-A47142B66837}.Debug|x64.Build.0 = Debug|x64
		{948CE4FD-1C46-4DD9-88C7-A47142B66837}.Release|Any CPU.ActiveCfg = Release|Any CPU
		{948CE4FD-1C46-4DD9-88C7-A47142B66837}.Release|Any CPU.Build.0 = Release|Any CPU
		{948CE4FD-1C46-4DD9-88C7-A47142B66837}.Release|x64.ActiveCfg = Release|Any CPU
		{948CE4FD-1C46-4DD9-88C7-A47142B66837}.Release|x64.Build.0 = Release|Any CPU
	EndGlobalSection
	GlobalSection(SolutionProperties) = preSolution
		HideSolutionNode = FALSE
	EndGlobalSection
	GlobalSection(ExtensibilityGlobals) = postSolution
		SolutionGuid = {5517BE5D-FF0C-4070-8473-545E3BA51BC2}
	EndGlobalSection
EndGlobal
